
Microsoft Visual Studio Solution File, Format Version 12.00
# Visual Studio 15
VisualStudioVersion = 15.0.28307.136
MinimumVisualStudioVersion = 10.0.40219.1
Project("{9A19103F-16F7-4668-BE54-9A1E7A4F7556}") = "Solene.Database", "Solene.Database\Solene.Database.csproj", "{72C349B6-B248-46A2-BD18-0906C063BFE0}"
EndProject
Project("{9A19103F-16F7-4668-BE54-9A1E7A4F7556}") = "Solene.Models", "Solene.Models\Solene.Models.csproj", "{91888F3B-124C-4BD2-B677-3FD6EE112033}"
EndProject
Project("{FAE04EC0-301F-11D3-BF4B-00C04F79EFBC}") = "Solene.Backend", "Solene.Backend\Solene.Backend.csproj", "{8E8E8AE5-9A67-4DC2-B216-4F35A321CAED}"
EndProject
Global
	GlobalSection(SolutionConfigurationPlatforms) = preSolution
		Debug|Any CPU = Debug|Any CPU
		Release|Any CPU = Release|Any CPU
	EndGlobalSection
	GlobalSection(ProjectConfigurationPlatforms) = postSolution
		{72C349B6-B248-46A2-BD18-0906C063BFE0}.Debug|Any CPU.ActiveCfg = Debug|Any CPU
		{72C349B6-B248-46A2-BD18-0906C063BFE0}.Debug|Any CPU.Build.0 = Debug|Any CPU
		{72C349B6-B248-46A2-BD18-0906C063BFE0}.Release|Any CPU.ActiveCfg = Release|Any CPU
		{72C349B6-B248-46A2-BD18-0906C063BFE0}.Release|Any CPU.Build.0 = Release|Any CPU
		{91888F3B-124C-4BD2-B677-3FD6EE112033}.Debug|Any CPU.ActiveCfg = Debug|Any CPU
		{91888F3B-124C-4BD2-B677-3FD6EE112033}.Debug|Any CPU.Build.0 = Debug|Any CPU
		{91888F3B-124C-4BD2-B677-3FD6EE112033}.Release|Any CPU.ActiveCfg = Release|Any CPU
		{91888F3B-124C-4BD2-B677-3FD6EE112033}.Release|Any CPU.Build.0 = Release|Any CPU
		{8E8E8AE5-9A67-4DC2-B216-4F35A321CAED}.Debug|Any CPU.ActiveCfg = Debug|Any CPU
		{8E8E8AE5-9A67-4DC2-B216-4F35A321CAED}.Debug|Any CPU.Build.0 = Debug|Any CPU
		{8E8E8AE5-9A67-4DC2-B216-4F35A321CAED}.Release|Any CPU.ActiveCfg = Release|Any CPU
		{8E8E8AE5-9A67-4DC2-B216-4F35A321CAED}.Release|Any CPU.Build.0 = Release|Any CPU
	EndGlobalSection
	GlobalSection(SolutionProperties) = preSolution
		HideSolutionNode = FALSE
	EndGlobalSection
	GlobalSection(ExtensibilityGlobals) = postSolution
		SolutionGuid = {EFAF7218-3AD3-4586-8F1A-C81D2AFD1468}
	EndGlobalSection
EndGlobal
