
Microsoft Visual Studio Solution File, Format Version 12.00
# Visual Studio Version 16
VisualStudioVersion = 16.0.28729.10
MinimumVisualStudioVersion = 10.0.40219.1
Project("{9A19103F-16F7-4668-BE54-9A1E7A4F7556}") = "Solene.Database", "Solene.Database\Solene.Database.csproj", "{72C349B6-B248-46A2-BD18-0906C063BFE0}"
EndProject
Project("{9A19103F-16F7-4668-BE54-9A1E7A4F7556}") = "Solene.Models", "Solene.Models\Solene.Models.csproj", "{91888F3B-124C-4BD2-B677-3FD6EE112033}"
EndProject
Project("{9A19103F-16F7-4668-BE54-9A1E7A4F7556}") = "Solene.Backend", "Solene.Backend\Solene.Backend.csproj", "{8E8E8AE5-9A67-4DC2-B216-4F35A321CAED}"
EndProject
Project("{FAE04EC0-301F-11D3-BF4B-00C04F79EFBC}") = "Solene.MobileApp.Android", "Solene.MobileApp\Solene.MobileApp.Android\Solene.MobileApp.Android.csproj", "{AC824806-F69B-49AC-A597-BBF383E4617F}"
EndProject
Project("{FAE04EC0-301F-11D3-BF4B-00C04F79EFBC}") = "Solene.MobileApp.UWP", "Solene.MobileApp\Solene.MobileApp.UWP\Solene.MobileApp.UWP.csproj", "{EF1B6E97-7F25-44B3-8B0F-8A642809AC39}"
EndProject
Project("{9A19103F-16F7-4668-BE54-9A1E7A4F7556}") = "Solene.MobileApp.Core", "Solene.MobileApp\Solene.MobileApp.Core\Solene.MobileApp.Core.csproj", "{0F82317A-EEFD-46DC-9139-4F227ADF4D45}"
EndProject
Project("{FAE04EC0-301F-11D3-BF4B-00C04F79EFBC}") = "Solene.AdminClient", "Solene.AdminClient\Solene.AdminClient.csproj", "{B9822CCD-33A8-4032-BF35-5BF8387E22FE}"
EndProject
Project("{2150E333-8FDC-42A3-9474-1A3956D46DE8}") = "Tools", "Tools", "{25F00289-5BB7-434C-AA08-FE2F5003164C}"
	ProjectSection(SolutionItems) = preProject
		Replace-Secrets.ps1 = Replace-Secrets.ps1
	EndProjectSection
EndProject
Project("{9A19103F-16F7-4668-BE54-9A1E7A4F7556}") = "Solene.SimpleParser", "Solene.SimpleParser\Solene.SimpleParser.csproj", "{6834D090-6943-4F05-9624-465EB93C6E70}"
EndProject
Project("{6EC3EE1D-3C4E-46DD-8F32-0CC8E7565705}") = "Solene.AdminClient.Crossplat", "Solene.AdminClient.Crossplat\Solene.AdminClient.Crossplat.fsproj", "{204E0BE6-1512-4853-B919-91C5DFAD4947}"
EndProject
Project("{FAE04EC0-301F-11D3-BF4B-00C04F79EFBC}") = "Solene.AdminClient.Crossplat.UWP", "Solene.AdminClient.Crossplat.UWP\Solene.AdminClient.Crossplat.UWP.csproj", "{993BF0CC-4EC8-4629-A60D-1F9A2DC4BC67}"
EndProject
Project("{2150E333-8FDC-42A3-9474-1A3956D46DE8}") = "CrossplatAdminClient", "CrossplatAdminClient", "{14129BF9-F476-4931-88D4-B76D15CB9C4E}"
EndProject
Project("{F2A71F9B-5D33-465A-A702-920D77279786}") = "Solene.AdminClient.Crossplat.Android", "Solene.AdminClient.Crossplat.Android\Solene.AdminClient.Crossplat.Android.fsproj", "{5076338D-CE32-47F6-AC9B-3EBCB69DC882}"
EndProject
Global
	GlobalSection(SolutionConfigurationPlatforms) = preSolution
		Debug|Any CPU = Debug|Any CPU
		Debug|ARM = Debug|ARM
		Debug|ARM64 = Debug|ARM64
		Debug|x64 = Debug|x64
		Debug|x86 = Debug|x86
		Release|Any CPU = Release|Any CPU
		Release|ARM = Release|ARM
		Release|ARM64 = Release|ARM64
		Release|x64 = Release|x64
		Release|x86 = Release|x86
	EndGlobalSection
	GlobalSection(ProjectConfigurationPlatforms) = postSolution
		{72C349B6-B248-46A2-BD18-0906C063BFE0}.Debug|Any CPU.ActiveCfg = Debug|Any CPU
		{72C349B6-B248-46A2-BD18-0906C063BFE0}.Debug|Any CPU.Build.0 = Debug|Any CPU
		{72C349B6-B248-46A2-BD18-0906C063BFE0}.Debug|ARM.ActiveCfg = Debug|Any CPU
		{72C349B6-B248-46A2-BD18-0906C063BFE0}.Debug|ARM.Build.0 = Debug|Any CPU
		{72C349B6-B248-46A2-BD18-0906C063BFE0}.Debug|ARM64.ActiveCfg = Debug|Any CPU
		{72C349B6-B248-46A2-BD18-0906C063BFE0}.Debug|ARM64.Build.0 = Debug|Any CPU
		{72C349B6-B248-46A2-BD18-0906C063BFE0}.Debug|x64.ActiveCfg = Debug|Any CPU
		{72C349B6-B248-46A2-BD18-0906C063BFE0}.Debug|x64.Build.0 = Debug|Any CPU
		{72C349B6-B248-46A2-BD18-0906C063BFE0}.Debug|x86.ActiveCfg = Debug|Any CPU
		{72C349B6-B248-46A2-BD18-0906C063BFE0}.Debug|x86.Build.0 = Debug|Any CPU
		{72C349B6-B248-46A2-BD18-0906C063BFE0}.Release|Any CPU.ActiveCfg = Release|Any CPU
		{72C349B6-B248-46A2-BD18-0906C063BFE0}.Release|Any CPU.Build.0 = Release|Any CPU
		{72C349B6-B248-46A2-BD18-0906C063BFE0}.Release|ARM.ActiveCfg = Release|Any CPU
		{72C349B6-B248-46A2-BD18-0906C063BFE0}.Release|ARM.Build.0 = Release|Any CPU
		{72C349B6-B248-46A2-BD18-0906C063BFE0}.Release|ARM64.ActiveCfg = Release|Any CPU
		{72C349B6-B248-46A2-BD18-0906C063BFE0}.Release|ARM64.Build.0 = Release|Any CPU
		{72C349B6-B248-46A2-BD18-0906C063BFE0}.Release|x64.ActiveCfg = Release|Any CPU
		{72C349B6-B248-46A2-BD18-0906C063BFE0}.Release|x64.Build.0 = Release|Any CPU
		{72C349B6-B248-46A2-BD18-0906C063BFE0}.Release|x86.ActiveCfg = Release|Any CPU
		{72C349B6-B248-46A2-BD18-0906C063BFE0}.Release|x86.Build.0 = Release|Any CPU
		{91888F3B-124C-4BD2-B677-3FD6EE112033}.Debug|Any CPU.ActiveCfg = Debug|Any CPU
		{91888F3B-124C-4BD2-B677-3FD6EE112033}.Debug|Any CPU.Build.0 = Debug|Any CPU
		{91888F3B-124C-4BD2-B677-3FD6EE112033}.Debug|ARM.ActiveCfg = Debug|Any CPU
		{91888F3B-124C-4BD2-B677-3FD6EE112033}.Debug|ARM.Build.0 = Debug|Any CPU
		{91888F3B-124C-4BD2-B677-3FD6EE112033}.Debug|ARM64.ActiveCfg = Debug|Any CPU
		{91888F3B-124C-4BD2-B677-3FD6EE112033}.Debug|ARM64.Build.0 = Debug|Any CPU
		{91888F3B-124C-4BD2-B677-3FD6EE112033}.Debug|x64.ActiveCfg = Debug|Any CPU
		{91888F3B-124C-4BD2-B677-3FD6EE112033}.Debug|x64.Build.0 = Debug|Any CPU
		{91888F3B-124C-4BD2-B677-3FD6EE112033}.Debug|x86.ActiveCfg = Debug|Any CPU
		{91888F3B-124C-4BD2-B677-3FD6EE112033}.Debug|x86.Build.0 = Debug|Any CPU
		{91888F3B-124C-4BD2-B677-3FD6EE112033}.Release|Any CPU.ActiveCfg = Release|Any CPU
		{91888F3B-124C-4BD2-B677-3FD6EE112033}.Release|Any CPU.Build.0 = Release|Any CPU
		{91888F3B-124C-4BD2-B677-3FD6EE112033}.Release|ARM.ActiveCfg = Release|Any CPU
		{91888F3B-124C-4BD2-B677-3FD6EE112033}.Release|ARM.Build.0 = Release|Any CPU
		{91888F3B-124C-4BD2-B677-3FD6EE112033}.Release|ARM64.ActiveCfg = Release|Any CPU
		{91888F3B-124C-4BD2-B677-3FD6EE112033}.Release|ARM64.Build.0 = Release|Any CPU
		{91888F3B-124C-4BD2-B677-3FD6EE112033}.Release|x64.ActiveCfg = Release|Any CPU
		{91888F3B-124C-4BD2-B677-3FD6EE112033}.Release|x64.Build.0 = Release|Any CPU
		{91888F3B-124C-4BD2-B677-3FD6EE112033}.Release|x86.ActiveCfg = Release|Any CPU
		{91888F3B-124C-4BD2-B677-3FD6EE112033}.Release|x86.Build.0 = Release|Any CPU
		{8E8E8AE5-9A67-4DC2-B216-4F35A321CAED}.Debug|Any CPU.ActiveCfg = Debug|Any CPU
		{8E8E8AE5-9A67-4DC2-B216-4F35A321CAED}.Debug|Any CPU.Build.0 = Debug|Any CPU
		{8E8E8AE5-9A67-4DC2-B216-4F35A321CAED}.Debug|ARM.ActiveCfg = Debug|Any CPU
		{8E8E8AE5-9A67-4DC2-B216-4F35A321CAED}.Debug|ARM.Build.0 = Debug|Any CPU
		{8E8E8AE5-9A67-4DC2-B216-4F35A321CAED}.Debug|ARM64.ActiveCfg = Debug|Any CPU
		{8E8E8AE5-9A67-4DC2-B216-4F35A321CAED}.Debug|ARM64.Build.0 = Debug|Any CPU
		{8E8E8AE5-9A67-4DC2-B216-4F35A321CAED}.Debug|x64.ActiveCfg = Debug|Any CPU
		{8E8E8AE5-9A67-4DC2-B216-4F35A321CAED}.Debug|x64.Build.0 = Debug|Any CPU
		{8E8E8AE5-9A67-4DC2-B216-4F35A321CAED}.Debug|x86.ActiveCfg = Debug|Any CPU
		{8E8E8AE5-9A67-4DC2-B216-4F35A321CAED}.Debug|x86.Build.0 = Debug|Any CPU
		{8E8E8AE5-9A67-4DC2-B216-4F35A321CAED}.Release|Any CPU.ActiveCfg = Release|Any CPU
		{8E8E8AE5-9A67-4DC2-B216-4F35A321CAED}.Release|Any CPU.Build.0 = Release|Any CPU
		{8E8E8AE5-9A67-4DC2-B216-4F35A321CAED}.Release|ARM.ActiveCfg = Release|Any CPU
		{8E8E8AE5-9A67-4DC2-B216-4F35A321CAED}.Release|ARM.Build.0 = Release|Any CPU
		{8E8E8AE5-9A67-4DC2-B216-4F35A321CAED}.Release|ARM64.ActiveCfg = Release|Any CPU
		{8E8E8AE5-9A67-4DC2-B216-4F35A321CAED}.Release|ARM64.Build.0 = Release|Any CPU
		{8E8E8AE5-9A67-4DC2-B216-4F35A321CAED}.Release|x64.ActiveCfg = Release|Any CPU
		{8E8E8AE5-9A67-4DC2-B216-4F35A321CAED}.Release|x64.Build.0 = Release|Any CPU
		{8E8E8AE5-9A67-4DC2-B216-4F35A321CAED}.Release|x86.ActiveCfg = Release|Any CPU
		{8E8E8AE5-9A67-4DC2-B216-4F35A321CAED}.Release|x86.Build.0 = Release|Any CPU
		{AC824806-F69B-49AC-A597-BBF383E4617F}.Debug|Any CPU.ActiveCfg = Debug|Any CPU
		{AC824806-F69B-49AC-A597-BBF383E4617F}.Debug|Any CPU.Build.0 = Debug|Any CPU
		{AC824806-F69B-49AC-A597-BBF383E4617F}.Debug|Any CPU.Deploy.0 = Debug|Any CPU
		{AC824806-F69B-49AC-A597-BBF383E4617F}.Debug|ARM.ActiveCfg = Debug|Any CPU
		{AC824806-F69B-49AC-A597-BBF383E4617F}.Debug|ARM.Build.0 = Debug|Any CPU
		{AC824806-F69B-49AC-A597-BBF383E4617F}.Debug|ARM.Deploy.0 = Debug|Any CPU
		{AC824806-F69B-49AC-A597-BBF383E4617F}.Debug|ARM64.ActiveCfg = Debug|Any CPU
		{AC824806-F69B-49AC-A597-BBF383E4617F}.Debug|ARM64.Build.0 = Debug|Any CPU
		{AC824806-F69B-49AC-A597-BBF383E4617F}.Debug|ARM64.Deploy.0 = Debug|Any CPU
		{AC824806-F69B-49AC-A597-BBF383E4617F}.Debug|x64.ActiveCfg = Debug|Any CPU
		{AC824806-F69B-49AC-A597-BBF383E4617F}.Debug|x64.Build.0 = Debug|Any CPU
		{AC824806-F69B-49AC-A597-BBF383E4617F}.Debug|x64.Deploy.0 = Debug|Any CPU
		{AC824806-F69B-49AC-A597-BBF383E4617F}.Debug|x86.ActiveCfg = Debug|Any CPU
		{AC824806-F69B-49AC-A597-BBF383E4617F}.Debug|x86.Build.0 = Debug|Any CPU
		{AC824806-F69B-49AC-A597-BBF383E4617F}.Debug|x86.Deploy.0 = Debug|Any CPU
		{AC824806-F69B-49AC-A597-BBF383E4617F}.Release|Any CPU.ActiveCfg = Release|Any CPU
		{AC824806-F69B-49AC-A597-BBF383E4617F}.Release|Any CPU.Build.0 = Release|Any CPU
		{AC824806-F69B-49AC-A597-BBF383E4617F}.Release|Any CPU.Deploy.0 = Release|Any CPU
		{AC824806-F69B-49AC-A597-BBF383E4617F}.Release|ARM.ActiveCfg = Release|Any CPU
		{AC824806-F69B-49AC-A597-BBF383E4617F}.Release|ARM.Build.0 = Release|Any CPU
		{AC824806-F69B-49AC-A597-BBF383E4617F}.Release|ARM.Deploy.0 = Release|Any CPU
		{AC824806-F69B-49AC-A597-BBF383E4617F}.Release|ARM64.ActiveCfg = Release|Any CPU
		{AC824806-F69B-49AC-A597-BBF383E4617F}.Release|ARM64.Build.0 = Release|Any CPU
		{AC824806-F69B-49AC-A597-BBF383E4617F}.Release|ARM64.Deploy.0 = Release|Any CPU
		{AC824806-F69B-49AC-A597-BBF383E4617F}.Release|x64.ActiveCfg = Release|Any CPU
		{AC824806-F69B-49AC-A597-BBF383E4617F}.Release|x64.Build.0 = Release|Any CPU
		{AC824806-F69B-49AC-A597-BBF383E4617F}.Release|x64.Deploy.0 = Release|Any CPU
		{AC824806-F69B-49AC-A597-BBF383E4617F}.Release|x86.ActiveCfg = Release|Any CPU
		{AC824806-F69B-49AC-A597-BBF383E4617F}.Release|x86.Build.0 = Release|Any CPU
		{AC824806-F69B-49AC-A597-BBF383E4617F}.Release|x86.Deploy.0 = Release|Any CPU
		{EF1B6E97-7F25-44B3-8B0F-8A642809AC39}.Debug|Any CPU.ActiveCfg = Debug|x64
		{EF1B6E97-7F25-44B3-8B0F-8A642809AC39}.Debug|Any CPU.Build.0 = Debug|x64
		{EF1B6E97-7F25-44B3-8B0F-8A642809AC39}.Debug|Any CPU.Deploy.0 = Debug|x64
		{EF1B6E97-7F25-44B3-8B0F-8A642809AC39}.Debug|ARM.ActiveCfg = Debug|x86
		{EF1B6E97-7F25-44B3-8B0F-8A642809AC39}.Debug|ARM64.ActiveCfg = Debug|x86
		{EF1B6E97-7F25-44B3-8B0F-8A642809AC39}.Debug|x64.ActiveCfg = Debug|x64
		{EF1B6E97-7F25-44B3-8B0F-8A642809AC39}.Debug|x64.Build.0 = Debug|x64
		{EF1B6E97-7F25-44B3-8B0F-8A642809AC39}.Debug|x64.Deploy.0 = Debug|x64
		{EF1B6E97-7F25-44B3-8B0F-8A642809AC39}.Debug|x86.ActiveCfg = Debug|x86
		{EF1B6E97-7F25-44B3-8B0F-8A642809AC39}.Debug|x86.Build.0 = Debug|x86
		{EF1B6E97-7F25-44B3-8B0F-8A642809AC39}.Debug|x86.Deploy.0 = Debug|x86
		{EF1B6E97-7F25-44B3-8B0F-8A642809AC39}.Release|Any CPU.ActiveCfg = Release|x86
		{EF1B6E97-7F25-44B3-8B0F-8A642809AC39}.Release|ARM.ActiveCfg = Release|x86
		{EF1B6E97-7F25-44B3-8B0F-8A642809AC39}.Release|ARM64.ActiveCfg = Release|x86
		{EF1B6E97-7F25-44B3-8B0F-8A642809AC39}.Release|x64.ActiveCfg = Release|x64
		{EF1B6E97-7F25-44B3-8B0F-8A642809AC39}.Release|x64.Build.0 = Release|x64
		{EF1B6E97-7F25-44B3-8B0F-8A642809AC39}.Release|x64.Deploy.0 = Release|x64
		{EF1B6E97-7F25-44B3-8B0F-8A642809AC39}.Release|x86.ActiveCfg = Release|x86
		{EF1B6E97-7F25-44B3-8B0F-8A642809AC39}.Release|x86.Build.0 = Release|x86
		{EF1B6E97-7F25-44B3-8B0F-8A642809AC39}.Release|x86.Deploy.0 = Release|x86
		{0F82317A-EEFD-46DC-9139-4F227ADF4D45}.Debug|Any CPU.ActiveCfg = Debug|Any CPU
		{0F82317A-EEFD-46DC-9139-4F227ADF4D45}.Debug|Any CPU.Build.0 = Debug|Any CPU
		{0F82317A-EEFD-46DC-9139-4F227ADF4D45}.Debug|ARM.ActiveCfg = Debug|Any CPU
		{0F82317A-EEFD-46DC-9139-4F227ADF4D45}.Debug|ARM.Build.0 = Debug|Any CPU
		{0F82317A-EEFD-46DC-9139-4F227ADF4D45}.Debug|ARM64.ActiveCfg = Debug|Any CPU
		{0F82317A-EEFD-46DC-9139-4F227ADF4D45}.Debug|ARM64.Build.0 = Debug|Any CPU
		{0F82317A-EEFD-46DC-9139-4F227ADF4D45}.Debug|x64.ActiveCfg = Debug|Any CPU
		{0F82317A-EEFD-46DC-9139-4F227ADF4D45}.Debug|x64.Build.0 = Debug|Any CPU
		{0F82317A-EEFD-46DC-9139-4F227ADF4D45}.Debug|x86.ActiveCfg = Debug|Any CPU
		{0F82317A-EEFD-46DC-9139-4F227ADF4D45}.Debug|x86.Build.0 = Debug|Any CPU
		{0F82317A-EEFD-46DC-9139-4F227ADF4D45}.Release|Any CPU.ActiveCfg = Release|Any CPU
		{0F82317A-EEFD-46DC-9139-4F227ADF4D45}.Release|Any CPU.Build.0 = Release|Any CPU
		{0F82317A-EEFD-46DC-9139-4F227ADF4D45}.Release|ARM.ActiveCfg = Release|Any CPU
		{0F82317A-EEFD-46DC-9139-4F227ADF4D45}.Release|ARM.Build.0 = Release|Any CPU
		{0F82317A-EEFD-46DC-9139-4F227ADF4D45}.Release|ARM64.ActiveCfg = Release|Any CPU
		{0F82317A-EEFD-46DC-9139-4F227ADF4D45}.Release|ARM64.Build.0 = Release|Any CPU
		{0F82317A-EEFD-46DC-9139-4F227ADF4D45}.Release|x64.ActiveCfg = Release|Any CPU
		{0F82317A-EEFD-46DC-9139-4F227ADF4D45}.Release|x64.Build.0 = Release|Any CPU
		{0F82317A-EEFD-46DC-9139-4F227ADF4D45}.Release|x86.ActiveCfg = Release|Any CPU
		{0F82317A-EEFD-46DC-9139-4F227ADF4D45}.Release|x86.Build.0 = Release|Any CPU
		{B9822CCD-33A8-4032-BF35-5BF8387E22FE}.Debug|Any CPU.ActiveCfg = Debug|x86
		{B9822CCD-33A8-4032-BF35-5BF8387E22FE}.Debug|ARM.ActiveCfg = Debug|ARM
		{B9822CCD-33A8-4032-BF35-5BF8387E22FE}.Debug|ARM.Build.0 = Debug|ARM
		{B9822CCD-33A8-4032-BF35-5BF8387E22FE}.Debug|ARM.Deploy.0 = Debug|ARM
		{B9822CCD-33A8-4032-BF35-5BF8387E22FE}.Debug|ARM64.ActiveCfg = Debug|x86
		{B9822CCD-33A8-4032-BF35-5BF8387E22FE}.Debug|x64.ActiveCfg = Debug|x64
		{B9822CCD-33A8-4032-BF35-5BF8387E22FE}.Debug|x64.Build.0 = Debug|x64
		{B9822CCD-33A8-4032-BF35-5BF8387E22FE}.Debug|x64.Deploy.0 = Debug|x64
		{B9822CCD-33A8-4032-BF35-5BF8387E22FE}.Debug|x86.ActiveCfg = Debug|x86
		{B9822CCD-33A8-4032-BF35-5BF8387E22FE}.Debug|x86.Build.0 = Debug|x86
		{B9822CCD-33A8-4032-BF35-5BF8387E22FE}.Debug|x86.Deploy.0 = Debug|x86
		{B9822CCD-33A8-4032-BF35-5BF8387E22FE}.Release|Any CPU.ActiveCfg = Release|x86
		{B9822CCD-33A8-4032-BF35-5BF8387E22FE}.Release|ARM.ActiveCfg = Release|ARM
		{B9822CCD-33A8-4032-BF35-5BF8387E22FE}.Release|ARM.Build.0 = Release|ARM
		{B9822CCD-33A8-4032-BF35-5BF8387E22FE}.Release|ARM.Deploy.0 = Release|ARM
		{B9822CCD-33A8-4032-BF35-5BF8387E22FE}.Release|ARM64.ActiveCfg = Release|x86
		{B9822CCD-33A8-4032-BF35-5BF8387E22FE}.Release|x64.ActiveCfg = Release|x64
		{B9822CCD-33A8-4032-BF35-5BF8387E22FE}.Release|x64.Build.0 = Release|x64
		{B9822CCD-33A8-4032-BF35-5BF8387E22FE}.Release|x64.Deploy.0 = Release|x64
		{B9822CCD-33A8-4032-BF35-5BF8387E22FE}.Release|x86.ActiveCfg = Release|x86
		{B9822CCD-33A8-4032-BF35-5BF8387E22FE}.Release|x86.Build.0 = Release|x86
		{B9822CCD-33A8-4032-BF35-5BF8387E22FE}.Release|x86.Deploy.0 = Release|x86
		{6834D090-6943-4F05-9624-465EB93C6E70}.Debug|Any CPU.ActiveCfg = Debug|Any CPU
		{6834D090-6943-4F05-9624-465EB93C6E70}.Debug|Any CPU.Build.0 = Debug|Any CPU
		{6834D090-6943-4F05-9624-465EB93C6E70}.Debug|ARM.ActiveCfg = Debug|Any CPU
		{6834D090-6943-4F05-9624-465EB93C6E70}.Debug|ARM.Build.0 = Debug|Any CPU
		{6834D090-6943-4F05-9624-465EB93C6E70}.Debug|ARM64.ActiveCfg = Debug|Any CPU
		{6834D090-6943-4F05-9624-465EB93C6E70}.Debug|ARM64.Build.0 = Debug|Any CPU
		{6834D090-6943-4F05-9624-465EB93C6E70}.Debug|x64.ActiveCfg = Debug|Any CPU
		{6834D090-6943-4F05-9624-465EB93C6E70}.Debug|x64.Build.0 = Debug|Any CPU
		{6834D090-6943-4F05-9624-465EB93C6E70}.Debug|x86.ActiveCfg = Debug|Any CPU
		{6834D090-6943-4F05-9624-465EB93C6E70}.Debug|x86.Build.0 = Debug|Any CPU
		{6834D090-6943-4F05-9624-465EB93C6E70}.Release|Any CPU.ActiveCfg = Release|Any CPU
		{6834D090-6943-4F05-9624-465EB93C6E70}.Release|Any CPU.Build.0 = Release|Any CPU
		{6834D090-6943-4F05-9624-465EB93C6E70}.Release|ARM.ActiveCfg = Release|Any CPU
		{6834D090-6943-4F05-9624-465EB93C6E70}.Release|ARM.Build.0 = Release|Any CPU
		{6834D090-6943-4F05-9624-465EB93C6E70}.Release|ARM64.ActiveCfg = Release|Any CPU
		{6834D090-6943-4F05-9624-465EB93C6E70}.Release|ARM64.Build.0 = Release|Any CPU
		{6834D090-6943-4F05-9624-465EB93C6E70}.Release|x64.ActiveCfg = Release|Any CPU
		{6834D090-6943-4F05-9624-465EB93C6E70}.Release|x64.Build.0 = Release|Any CPU
		{6834D090-6943-4F05-9624-465EB93C6E70}.Release|x86.ActiveCfg = Release|Any CPU
		{6834D090-6943-4F05-9624-465EB93C6E70}.Release|x86.Build.0 = Release|Any CPU
		{204E0BE6-1512-4853-B919-91C5DFAD4947}.Debug|Any CPU.ActiveCfg = Debug|Any CPU
		{204E0BE6-1512-4853-B919-91C5DFAD4947}.Debug|Any CPU.Build.0 = Debug|Any CPU
		{204E0BE6-1512-4853-B919-91C5DFAD4947}.Debug|ARM.ActiveCfg = Debug|Any CPU
		{204E0BE6-1512-4853-B919-91C5DFAD4947}.Debug|ARM.Build.0 = Debug|Any CPU
		{204E0BE6-1512-4853-B919-91C5DFAD4947}.Debug|ARM64.ActiveCfg = Debug|Any CPU
		{204E0BE6-1512-4853-B919-91C5DFAD4947}.Debug|ARM64.Build.0 = Debug|Any CPU
		{204E0BE6-1512-4853-B919-91C5DFAD4947}.Debug|x64.ActiveCfg = Debug|Any CPU
		{204E0BE6-1512-4853-B919-91C5DFAD4947}.Debug|x64.Build.0 = Debug|Any CPU
		{204E0BE6-1512-4853-B919-91C5DFAD4947}.Debug|x86.ActiveCfg = Debug|Any CPU
		{204E0BE6-1512-4853-B919-91C5DFAD4947}.Debug|x86.Build.0 = Debug|Any CPU
		{204E0BE6-1512-4853-B919-91C5DFAD4947}.Release|Any CPU.ActiveCfg = Release|Any CPU
		{204E0BE6-1512-4853-B919-91C5DFAD4947}.Release|Any CPU.Build.0 = Release|Any CPU
		{204E0BE6-1512-4853-B919-91C5DFAD4947}.Release|ARM.ActiveCfg = Release|Any CPU
		{204E0BE6-1512-4853-B919-91C5DFAD4947}.Release|ARM.Build.0 = Release|Any CPU
		{204E0BE6-1512-4853-B919-91C5DFAD4947}.Release|ARM64.ActiveCfg = Release|Any CPU
		{204E0BE6-1512-4853-B919-91C5DFAD4947}.Release|ARM64.Build.0 = Release|Any CPU
		{204E0BE6-1512-4853-B919-91C5DFAD4947}.Release|x64.ActiveCfg = Release|Any CPU
		{204E0BE6-1512-4853-B919-91C5DFAD4947}.Release|x64.Build.0 = Release|Any CPU
		{204E0BE6-1512-4853-B919-91C5DFAD4947}.Release|x86.ActiveCfg = Release|Any CPU
		{204E0BE6-1512-4853-B919-91C5DFAD4947}.Release|x86.Build.0 = Release|Any CPU
		{993BF0CC-4EC8-4629-A60D-1F9A2DC4BC67}.Debug|Any CPU.ActiveCfg = Debug|x86
		{993BF0CC-4EC8-4629-A60D-1F9A2DC4BC67}.Debug|ARM.ActiveCfg = Debug|ARM
		{993BF0CC-4EC8-4629-A60D-1F9A2DC4BC67}.Debug|ARM.Build.0 = Debug|ARM
		{993BF0CC-4EC8-4629-A60D-1F9A2DC4BC67}.Debug|ARM.Deploy.0 = Debug|ARM
		{993BF0CC-4EC8-4629-A60D-1F9A2DC4BC67}.Debug|ARM64.ActiveCfg = Debug|ARM64
		{993BF0CC-4EC8-4629-A60D-1F9A2DC4BC67}.Debug|ARM64.Build.0 = Debug|ARM64
		{993BF0CC-4EC8-4629-A60D-1F9A2DC4BC67}.Debug|ARM64.Deploy.0 = Debug|ARM64
		{993BF0CC-4EC8-4629-A60D-1F9A2DC4BC67}.Debug|x64.ActiveCfg = Debug|x64
		{993BF0CC-4EC8-4629-A60D-1F9A2DC4BC67}.Debug|x64.Build.0 = Debug|x64
		{993BF0CC-4EC8-4629-A60D-1F9A2DC4BC67}.Debug|x64.Deploy.0 = Debug|x64
		{993BF0CC-4EC8-4629-A60D-1F9A2DC4BC67}.Debug|x86.ActiveCfg = Debug|x86
		{993BF0CC-4EC8-4629-A60D-1F9A2DC4BC67}.Debug|x86.Build.0 = Debug|x86
		{993BF0CC-4EC8-4629-A60D-1F9A2DC4BC67}.Debug|x86.Deploy.0 = Debug|x86
		{993BF0CC-4EC8-4629-A60D-1F9A2DC4BC67}.Release|Any CPU.ActiveCfg = Release|x86
		{993BF0CC-4EC8-4629-A60D-1F9A2DC4BC67}.Release|ARM.ActiveCfg = Release|ARM
		{993BF0CC-4EC8-4629-A60D-1F9A2DC4BC67}.Release|ARM.Build.0 = Release|ARM
		{993BF0CC-4EC8-4629-A60D-1F9A2DC4BC67}.Release|ARM.Deploy.0 = Release|ARM
		{993BF0CC-4EC8-4629-A60D-1F9A2DC4BC67}.Release|ARM64.ActiveCfg = Release|ARM64
		{993BF0CC-4EC8-4629-A60D-1F9A2DC4BC67}.Release|ARM64.Build.0 = Release|ARM64
		{993BF0CC-4EC8-4629-A60D-1F9A2DC4BC67}.Release|ARM64.Deploy.0 = Release|ARM64
		{993BF0CC-4EC8-4629-A60D-1F9A2DC4BC67}.Release|x64.ActiveCfg = Release|x64
		{993BF0CC-4EC8-4629-A60D-1F9A2DC4BC67}.Release|x64.Build.0 = Release|x64
		{993BF0CC-4EC8-4629-A60D-1F9A2DC4BC67}.Release|x64.Deploy.0 = Release|x64
		{993BF0CC-4EC8-4629-A60D-1F9A2DC4BC67}.Release|x86.ActiveCfg = Release|x86
		{993BF0CC-4EC8-4629-A60D-1F9A2DC4BC67}.Release|x86.Build.0 = Release|x86
		{993BF0CC-4EC8-4629-A60D-1F9A2DC4BC67}.Release|x86.Deploy.0 = Release|x86
		{5076338D-CE32-47F6-AC9B-3EBCB69DC882}.Debug|Any CPU.ActiveCfg = Debug|Any CPU
		{5076338D-CE32-47F6-AC9B-3EBCB69DC882}.Debug|Any CPU.Build.0 = Debug|Any CPU
		{5076338D-CE32-47F6-AC9B-3EBCB69DC882}.Debug|Any CPU.Deploy.0 = Debug|Any CPU
		{5076338D-CE32-47F6-AC9B-3EBCB69DC882}.Debug|ARM.ActiveCfg = Debug|Any CPU
		{5076338D-CE32-47F6-AC9B-3EBCB69DC882}.Debug|ARM.Build.0 = Debug|Any CPU
		{5076338D-CE32-47F6-AC9B-3EBCB69DC882}.Debug|ARM.Deploy.0 = Debug|Any CPU
		{5076338D-CE32-47F6-AC9B-3EBCB69DC882}.Debug|ARM64.ActiveCfg = Debug|Any CPU
		{5076338D-CE32-47F6-AC9B-3EBCB69DC882}.Debug|ARM64.Build.0 = Debug|Any CPU
		{5076338D-CE32-47F6-AC9B-3EBCB69DC882}.Debug|ARM64.Deploy.0 = Debug|Any CPU
		{5076338D-CE32-47F6-AC9B-3EBCB69DC882}.Debug|x64.ActiveCfg = Debug|Any CPU
		{5076338D-CE32-47F6-AC9B-3EBCB69DC882}.Debug|x64.Build.0 = Debug|Any CPU
		{5076338D-CE32-47F6-AC9B-3EBCB69DC882}.Debug|x64.Deploy.0 = Debug|Any CPU
		{5076338D-CE32-47F6-AC9B-3EBCB69DC882}.Debug|x86.ActiveCfg = Debug|Any CPU
		{5076338D-CE32-47F6-AC9B-3EBCB69DC882}.Debug|x86.Build.0 = Debug|Any CPU
		{5076338D-CE32-47F6-AC9B-3EBCB69DC882}.Debug|x86.Deploy.0 = Debug|Any CPU
		{5076338D-CE32-47F6-AC9B-3EBCB69DC882}.Release|Any CPU.ActiveCfg = Release|Any CPU
		{5076338D-CE32-47F6-AC9B-3EBCB69DC882}.Release|Any CPU.Build.0 = Release|Any CPU
		{5076338D-CE32-47F6-AC9B-3EBCB69DC882}.Release|Any CPU.Deploy.0 = Release|Any CPU
		{5076338D-CE32-47F6-AC9B-3EBCB69DC882}.Release|ARM.ActiveCfg = Release|Any CPU
		{5076338D-CE32-47F6-AC9B-3EBCB69DC882}.Release|ARM.Build.0 = Release|Any CPU
		{5076338D-CE32-47F6-AC9B-3EBCB69DC882}.Release|ARM.Deploy.0 = Release|Any CPU
		{5076338D-CE32-47F6-AC9B-3EBCB69DC882}.Release|ARM64.ActiveCfg = Release|Any CPU
		{5076338D-CE32-47F6-AC9B-3EBCB69DC882}.Release|ARM64.Build.0 = Release|Any CPU
		{5076338D-CE32-47F6-AC9B-3EBCB69DC882}.Release|ARM64.Deploy.0 = Release|Any CPU
		{5076338D-CE32-47F6-AC9B-3EBCB69DC882}.Release|x64.ActiveCfg = Release|Any CPU
		{5076338D-CE32-47F6-AC9B-3EBCB69DC882}.Release|x64.Build.0 = Release|Any CPU
		{5076338D-CE32-47F6-AC9B-3EBCB69DC882}.Release|x64.Deploy.0 = Release|Any CPU
		{5076338D-CE32-47F6-AC9B-3EBCB69DC882}.Release|x86.ActiveCfg = Release|Any CPU
		{5076338D-CE32-47F6-AC9B-3EBCB69DC882}.Release|x86.Build.0 = Release|Any CPU
		{5076338D-CE32-47F6-AC9B-3EBCB69DC882}.Release|x86.Deploy.0 = Release|Any CPU
	EndGlobalSection
	GlobalSection(SolutionProperties) = preSolution
		HideSolutionNode = FALSE
	EndGlobalSection
	GlobalSection(NestedProjects) = preSolution
		{204E0BE6-1512-4853-B919-91C5DFAD4947} = {14129BF9-F476-4931-88D4-B76D15CB9C4E}
		{993BF0CC-4EC8-4629-A60D-1F9A2DC4BC67} = {14129BF9-F476-4931-88D4-B76D15CB9C4E}
		{5076338D-CE32-47F6-AC9B-3EBCB69DC882} = {14129BF9-F476-4931-88D4-B76D15CB9C4E}
	EndGlobalSection
	GlobalSection(ExtensibilityGlobals) = postSolution
		SolutionGuid = {EFAF7218-3AD3-4586-8F1A-C81D2AFD1468}
	EndGlobalSection
EndGlobal
