
Microsoft Visual Studio Solution File, Format Version 12.00
# Visual Studio 15
VisualStudioVersion = 15.0.26730.10
MinimumVisualStudioVersion = 10.0.40219.1

Project("{6EC3EE1D-3C4E-46DD-8F32-0CC8E7565705}") = "Solene.AdminClient.Crossplat", "Solene.AdminClient.Crossplat\Solene.AdminClient.Crossplat.fsproj", "{69764BAC-CC30-47B8-9CEC-FB0F1B0D7FAC}"
EndProject

Project("{F2A71F9B-5D33-465A-A702-920D77279786}") = "Solene.AdminClient.Crossplat.Android", "Solene.AdminClient.Crossplat.Android\Solene.AdminClient.Crossplat.Android.fsproj", "{B878F104-A27D-4ED6-AF23-5628AEBA45C3}"
EndProject





Project("{FAE04EC0-301F-11D3-BF4B-00C04F79EFBC}") = "Solene.AdminClient.Crossplat.UWP", "Solene.AdminClient.Crossplat.UWP\Solene.AdminClient.Crossplat.UWP.csproj", "{993BF0CC-4EC8-4629-A60D-1F9A2DC4BC67}"
EndProject

Global
	GlobalSection(SolutionConfigurationPlatforms) = preSolution
		Ad-Hoc|Any CPU = Ad-Hoc|Any CPU
		Ad-Hoc|ARM = Ad-Hoc|ARM
		Ad-Hoc|iPhone = Ad-Hoc|iPhone
		Ad-Hoc|iPhoneSimulator = Ad-Hoc|iPhoneSimulator
		Ad-Hoc|x64 = Ad-Hoc|x64
		Ad-Hoc|x86 = Ad-Hoc|x86
		AppStore|Any CPU = AppStore|Any CPU
		AppStore|ARM = AppStore|ARM
		AppStore|iPhone = AppStore|iPhone
		AppStore|iPhoneSimulator = AppStore|iPhoneSimulator
		AppStore|x64 = AppStore|x64
		AppStore|x86 = AppStore|x86
		Debug|Any CPU = Debug|Any CPU
		Debug|ARM = Debug|ARM
		Debug|iPhone = Debug|iPhone
		Debug|iPhoneSimulator = Debug|iPhoneSimulator
		Debug|x64 = Debug|x64
		Debug|x86 = Debug|x86
		Release|Any CPU = Release|Any CPU
		Release|ARM = Release|ARM
		Release|iPhone = Release|iPhone
		Release|iPhoneSimulator = Release|iPhoneSimulator
		Release|x64 = Release|x64
		Release|x86 = Release|x86
	EndGlobalSection
	GlobalSection(ProjectConfigurationPlatforms) = postSolution
		{69764BAC-CC30-47B8-9CEC-FB0F1B0D7FAC}.Ad-Hoc|Any CPU.ActiveCfg = Debug|Any CPU
		{69764BAC-CC30-47B8-9CEC-FB0F1B0D7FAC}.Ad-Hoc|Any CPU.Build.0 = Debug|Any CPU
		{69764BAC-CC30-47B8-9CEC-FB0F1B0D7FAC}.Ad-Hoc|ARM.ActiveCfg = Debug|Any CPU
		{69764BAC-CC30-47B8-9CEC-FB0F1B0D7FAC}.Ad-Hoc|ARM.Build.0 = Debug|Any CPU
		{69764BAC-CC30-47B8-9CEC-FB0F1B0D7FAC}.Ad-Hoc|iPhone.ActiveCfg = Debug|Any CPU
		{69764BAC-CC30-47B8-9CEC-FB0F1B0D7FAC}.Ad-Hoc|iPhone.Build.0 = Debug|Any CPU
		{69764BAC-CC30-47B8-9CEC-FB0F1B0D7FAC}.Ad-Hoc|iPhoneSimulator.ActiveCfg = Debug|Any CPU
		{69764BAC-CC30-47B8-9CEC-FB0F1B0D7FAC}.Ad-Hoc|iPhoneSimulator.Build.0 = Debug|Any CPU
		{69764BAC-CC30-47B8-9CEC-FB0F1B0D7FAC}.Ad-Hoc|x64.ActiveCfg = Debug|Any CPU
		{69764BAC-CC30-47B8-9CEC-FB0F1B0D7FAC}.Ad-Hoc|x64.Build.0 = Debug|Any CPU
		{69764BAC-CC30-47B8-9CEC-FB0F1B0D7FAC}.Ad-Hoc|x86.ActiveCfg = Debug|Any CPU
		{69764BAC-CC30-47B8-9CEC-FB0F1B0D7FAC}.Ad-Hoc|x86.Build.0 = Debug|Any CPU
		{69764BAC-CC30-47B8-9CEC-FB0F1B0D7FAC}.AppStore|Any CPU.ActiveCfg = Debug|Any CPU
		{69764BAC-CC30-47B8-9CEC-FB0F1B0D7FAC}.AppStore|Any CPU.Build.0 = Debug|Any CPU
		{69764BAC-CC30-47B8-9CEC-FB0F1B0D7FAC}.AppStore|ARM.ActiveCfg = Debug|Any CPU
		{69764BAC-CC30-47B8-9CEC-FB0F1B0D7FAC}.AppStore|ARM.Build.0 = Debug|Any CPU
		{69764BAC-CC30-47B8-9CEC-FB0F1B0D7FAC}.AppStore|iPhone.ActiveCfg = Debug|Any CPU
		{69764BAC-CC30-47B8-9CEC-FB0F1B0D7FAC}.AppStore|iPhone.Build.0 = Debug|Any CPU
		{69764BAC-CC30-47B8-9CEC-FB0F1B0D7FAC}.AppStore|iPhoneSimulator.ActiveCfg = Debug|Any CPU
		{69764BAC-CC30-47B8-9CEC-FB0F1B0D7FAC}.AppStore|iPhoneSimulator.Build.0 = Debug|Any CPU
		{69764BAC-CC30-47B8-9CEC-FB0F1B0D7FAC}.AppStore|x64.ActiveCfg = Debug|Any CPU
		{69764BAC-CC30-47B8-9CEC-FB0F1B0D7FAC}.AppStore|x64.Build.0 = Debug|Any CPU
		{69764BAC-CC30-47B8-9CEC-FB0F1B0D7FAC}.AppStore|x86.ActiveCfg = Debug|Any CPU
		{69764BAC-CC30-47B8-9CEC-FB0F1B0D7FAC}.AppStore|x86.Build.0 = Debug|Any CPU
		{69764BAC-CC30-47B8-9CEC-FB0F1B0D7FAC}.Debug|Any CPU.ActiveCfg = Debug|Any CPU
		{69764BAC-CC30-47B8-9CEC-FB0F1B0D7FAC}.Debug|Any CPU.Build.0 = Debug|Any CPU
		{69764BAC-CC30-47B8-9CEC-FB0F1B0D7FAC}.Debug|ARM.ActiveCfg = Debug|Any CPU
		{69764BAC-CC30-47B8-9CEC-FB0F1B0D7FAC}.Debug|ARM.Build.0 = Debug|Any CPU
		{69764BAC-CC30-47B8-9CEC-FB0F1B0D7FAC}.Debug|iPhone.ActiveCfg = Debug|Any CPU
		{69764BAC-CC30-47B8-9CEC-FB0F1B0D7FAC}.Debug|iPhone.Build.0 = Debug|Any CPU
		{69764BAC-CC30-47B8-9CEC-FB0F1B0D7FAC}.Debug|iPhoneSimulator.ActiveCfg = Debug|Any CPU
		{69764BAC-CC30-47B8-9CEC-FB0F1B0D7FAC}.Debug|iPhoneSimulator.Build.0 = Debug|Any CPU
		{69764BAC-CC30-47B8-9CEC-FB0F1B0D7FAC}.Debug|x64.ActiveCfg = Debug|Any CPU
		{69764BAC-CC30-47B8-9CEC-FB0F1B0D7FAC}.Debug|x64.Build.0 = Debug|Any CPU
		{69764BAC-CC30-47B8-9CEC-FB0F1B0D7FAC}.Debug|x86.ActiveCfg = Debug|Any CPU
		{69764BAC-CC30-47B8-9CEC-FB0F1B0D7FAC}.Debug|x86.Build.0 = Debug|Any CPU
		{69764BAC-CC30-47B8-9CEC-FB0F1B0D7FAC}.Release|Any CPU.ActiveCfg = Release|Any CPU
		{69764BAC-CC30-47B8-9CEC-FB0F1B0D7FAC}.Release|Any CPU.Build.0 = Release|Any CPU
		{69764BAC-CC30-47B8-9CEC-FB0F1B0D7FAC}.Release|ARM.ActiveCfg = Release|Any CPU
		{69764BAC-CC30-47B8-9CEC-FB0F1B0D7FAC}.Release|ARM.Build.0 = Release|Any CPU
		{69764BAC-CC30-47B8-9CEC-FB0F1B0D7FAC}.Release|iPhone.ActiveCfg = Release|Any CPU
		{69764BAC-CC30-47B8-9CEC-FB0F1B0D7FAC}.Release|iPhone.Build.0 = Release|Any CPU
		{69764BAC-CC30-47B8-9CEC-FB0F1B0D7FAC}.Release|iPhoneSimulator.ActiveCfg = Release|Any CPU
		{69764BAC-CC30-47B8-9CEC-FB0F1B0D7FAC}.Release|iPhoneSimulator.Build.0 = Release|Any CPU
		{69764BAC-CC30-47B8-9CEC-FB0F1B0D7FAC}.Release|x64.ActiveCfg = Release|Any CPU
		{69764BAC-CC30-47B8-9CEC-FB0F1B0D7FAC}.Release|x64.Build.0 = Release|Any CPU
		{69764BAC-CC30-47B8-9CEC-FB0F1B0D7FAC}.Release|x86.ActiveCfg = Release|Any CPU
		{69764BAC-CC30-47B8-9CEC-FB0F1B0D7FAC}.Release|x86.Build.0 = Release|Any CPU
		{E3BE319A-BC75-432F-9098-682894190B00}.Ad-Hoc|Any CPU.ActiveCfg = Ad-Hoc|iPhone
		{E3BE319A-BC75-432F-9098-682894190B00}.Ad-Hoc|ARM.ActiveCfg = Ad-Hoc|iPhone
		{E3BE319A-BC75-432F-9098-682894190B00}.Ad-Hoc|iPhone.ActiveCfg = Ad-Hoc|iPhone
		{E3BE319A-BC75-432F-9098-682894190B00}.Ad-Hoc|iPhone.Build.0 = Ad-Hoc|iPhone
		{E3BE319A-BC75-432F-9098-682894190B00}.Ad-Hoc|iPhoneSimulator.ActiveCfg = Ad-Hoc|iPhoneSimulator
		{E3BE319A-BC75-432F-9098-682894190B00}.Ad-Hoc|iPhoneSimulator.Build.0 = Ad-Hoc|iPhoneSimulator
		{E3BE319A-BC75-432F-9098-682894190B00}.Ad-Hoc|x64.ActiveCfg = Ad-Hoc|iPhone
		{E3BE319A-BC75-432F-9098-682894190B00}.Ad-Hoc|x86.ActiveCfg = Ad-Hoc|iPhone
		{E3BE319A-BC75-432F-9098-682894190B00}.AppStore|Any CPU.ActiveCfg = AppStore|iPhone
		{E3BE319A-BC75-432F-9098-682894190B00}.AppStore|ARM.ActiveCfg = AppStore|iPhone
		{E3BE319A-BC75-432F-9098-682894190B00}.AppStore|iPhone.ActiveCfg = AppStore|iPhone
		{E3BE319A-BC75-432F-9098-682894190B00}.AppStore|iPhone.Build.0 = AppStore|iPhone
		{E3BE319A-BC75-432F-9098-682894190B00}.AppStore|iPhoneSimulator.ActiveCfg = AppStore|iPhoneSimulator
		{E3BE319A-BC75-432F-9098-682894190B00}.AppStore|iPhoneSimulator.Build.0 = AppStore|iPhoneSimulator
		{E3BE319A-BC75-432F-9098-682894190B00}.AppStore|x64.ActiveCfg = AppStore|iPhone
		{E3BE319A-BC75-432F-9098-682894190B00}.AppStore|x86.ActiveCfg = AppStore|iPhone
		{E3BE319A-BC75-432F-9098-682894190B00}.Debug|Any CPU.ActiveCfg = Debug|iPhone
		{E3BE319A-BC75-432F-9098-682894190B00}.Debug|ARM.ActiveCfg = Debug|iPhone
		{E3BE319A-BC75-432F-9098-682894190B00}.Debug|iPhone.ActiveCfg = Debug|iPhone
		{E3BE319A-BC75-432F-9098-682894190B00}.Debug|iPhone.Build.0 = Debug|iPhone
		{E3BE319A-BC75-432F-9098-682894190B00}.Debug|iPhoneSimulator.ActiveCfg = Debug|iPhoneSimulator
		{E3BE319A-BC75-432F-9098-682894190B00}.Debug|iPhoneSimulator.Build.0 = Debug|iPhoneSimulator
		{E3BE319A-BC75-432F-9098-682894190B00}.Debug|x64.ActiveCfg = Debug|iPhone
		{E3BE319A-BC75-432F-9098-682894190B00}.Debug|x86.ActiveCfg = Debug|iPhone
		{E3BE319A-BC75-432F-9098-682894190B00}.Release|Any CPU.ActiveCfg = Release|iPhone
		{E3BE319A-BC75-432F-9098-682894190B00}.Release|ARM.ActiveCfg = Release|iPhone
		{E3BE319A-BC75-432F-9098-682894190B00}.Release|iPhone.ActiveCfg = Release|iPhone
		{E3BE319A-BC75-432F-9098-682894190B00}.Release|iPhone.Build.0 = Release|iPhone
		{E3BE319A-BC75-432F-9098-682894190B00}.Release|iPhoneSimulator.ActiveCfg = Release|iPhoneSimulator
		{E3BE319A-BC75-432F-9098-682894190B00}.Release|iPhoneSimulator.Build.0 = Release|iPhoneSimulator
		{E3BE319A-BC75-432F-9098-682894190B00}.Release|x64.ActiveCfg = Release|iPhone
		{E3BE319A-BC75-432F-9098-682894190B00}.Release|x86.ActiveCfg = Release|iPhone
		{5D4FBEB4-FE5F-42FC-8ED8-7E38E08C7DE4}.Ad-Hoc|Any CPU.ActiveCfg = Release|x86
		{5D4FBEB4-FE5F-42FC-8ED8-7E38E08C7DE4}.Ad-Hoc|Any CPU.Build.0 = Release|x86
		{5D4FBEB4-FE5F-42FC-8ED8-7E38E08C7DE4}.Ad-Hoc|Any CPU.Deploy.0 = Release|x86
		{5D4FBEB4-FE5F-42FC-8ED8-7E38E08C7DE4}.Ad-Hoc|ARM.ActiveCfg = Release|ARM
		{5D4FBEB4-FE5F-42FC-8ED8-7E38E08C7DE4}.Ad-Hoc|ARM.Build.0 = Release|ARM
		{5D4FBEB4-FE5F-42FC-8ED8-7E38E08C7DE4}.Ad-Hoc|ARM.Deploy.0 = Release|ARM
		{5D4FBEB4-FE5F-42FC-8ED8-7E38E08C7DE4}.Ad-Hoc|iPhone.ActiveCfg = Release|x86
		{5D4FBEB4-FE5F-42FC-8ED8-7E38E08C7DE4}.Ad-Hoc|iPhone.Build.0 = Release|x86
		{5D4FBEB4-FE5F-42FC-8ED8-7E38E08C7DE4}.Ad-Hoc|iPhone.Deploy.0 = Release|x86
		{5D4FBEB4-FE5F-42FC-8ED8-7E38E08C7DE4}.Ad-Hoc|iPhoneSimulator.ActiveCfg = Release|x86
		{5D4FBEB4-FE5F-42FC-8ED8-7E38E08C7DE4}.Ad-Hoc|iPhoneSimulator.Build.0 = Release|x86
		{5D4FBEB4-FE5F-42FC-8ED8-7E38E08C7DE4}.Ad-Hoc|iPhoneSimulator.Deploy.0 = Release|x86
		{5D4FBEB4-FE5F-42FC-8ED8-7E38E08C7DE4}.Ad-Hoc|x64.ActiveCfg = Release|x64
		{5D4FBEB4-FE5F-42FC-8ED8-7E38E08C7DE4}.Ad-Hoc|x64.Build.0 = Release|x64
		{5D4FBEB4-FE5F-42FC-8ED8-7E38E08C7DE4}.Ad-Hoc|x64.Deploy.0 = Release|x64
		{5D4FBEB4-FE5F-42FC-8ED8-7E38E08C7DE4}.Ad-Hoc|x86.ActiveCfg = Release|x86
		{5D4FBEB4-FE5F-42FC-8ED8-7E38E08C7DE4}.Ad-Hoc|x86.Build.0 = Release|x86
		{5D4FBEB4-FE5F-42FC-8ED8-7E38E08C7DE4}.Ad-Hoc|x86.Deploy.0 = Release|x86
		{5D4FBEB4-FE5F-42FC-8ED8-7E38E08C7DE4}.AppStore|Any CPU.ActiveCfg = Release|x86
		{5D4FBEB4-FE5F-42FC-8ED8-7E38E08C7DE4}.AppStore|Any CPU.Build.0 = Release|x86
		{5D4FBEB4-FE5F-42FC-8ED8-7E38E08C7DE4}.AppStore|Any CPU.Deploy.0 = Release|x86
		{5D4FBEB4-FE5F-42FC-8ED8-7E38E08C7DE4}.AppStore|ARM.ActiveCfg = Release|ARM
		{5D4FBEB4-FE5F-42FC-8ED8-7E38E08C7DE4}.AppStore|ARM.Build.0 = Release|ARM
		{5D4FBEB4-FE5F-42FC-8ED8-7E38E08C7DE4}.AppStore|ARM.Deploy.0 = Release|ARM
		{5D4FBEB4-FE5F-42FC-8ED8-7E38E08C7DE4}.AppStore|iPhone.ActiveCfg = Release|x86
		{5D4FBEB4-FE5F-42FC-8ED8-7E38E08C7DE4}.AppStore|iPhone.Build.0 = Release|x86
		{5D4FBEB4-FE5F-42FC-8ED8-7E38E08C7DE4}.AppStore|iPhone.Deploy.0 = Release|x86
		{5D4FBEB4-FE5F-42FC-8ED8-7E38E08C7DE4}.AppStore|iPhoneSimulator.ActiveCfg = Release|x86
		{5D4FBEB4-FE5F-42FC-8ED8-7E38E08C7DE4}.AppStore|iPhoneSimulator.Build.0 = Release|x86
		{5D4FBEB4-FE5F-42FC-8ED8-7E38E08C7DE4}.AppStore|iPhoneSimulator.Deploy.0 = Release|x86
		{5D4FBEB4-FE5F-42FC-8ED8-7E38E08C7DE4}.AppStore|x64.ActiveCfg = Release|x64
		{5D4FBEB4-FE5F-42FC-8ED8-7E38E08C7DE4}.AppStore|x64.Build.0 = Release|x64
		{5D4FBEB4-FE5F-42FC-8ED8-7E38E08C7DE4}.AppStore|x64.Deploy.0 = Release|x64
		{5D4FBEB4-FE5F-42FC-8ED8-7E38E08C7DE4}.AppStore|x86.ActiveCfg = Release|x86
		{5D4FBEB4-FE5F-42FC-8ED8-7E38E08C7DE4}.AppStore|x86.Build.0 = Release|x86
		{5D4FBEB4-FE5F-42FC-8ED8-7E38E08C7DE4}.AppStore|x86.Deploy.0 = Release|x86
		{5D4FBEB4-FE5F-42FC-8ED8-7E38E08C7DE4}.Debug|Any CPU.ActiveCfg = Debug|x86
		{5D4FBEB4-FE5F-42FC-8ED8-7E38E08C7DE4}.Debug|ARM.ActiveCfg = Debug|ARM
		{5D4FBEB4-FE5F-42FC-8ED8-7E38E08C7DE4}.Debug|ARM.Build.0 = Debug|ARM
		{5D4FBEB4-FE5F-42FC-8ED8-7E38E08C7DE4}.Debug|ARM.Deploy.0 = Debug|ARM
		{5D4FBEB4-FE5F-42FC-8ED8-7E38E08C7DE4}.Debug|iPhone.ActiveCfg = Debug|x86
		{5D4FBEB4-FE5F-42FC-8ED8-7E38E08C7DE4}.Debug|iPhoneSimulator.ActiveCfg = Debug|x86
		{5D4FBEB4-FE5F-42FC-8ED8-7E38E08C7DE4}.Debug|x64.ActiveCfg = Debug|x64
		{5D4FBEB4-FE5F-42FC-8ED8-7E38E08C7DE4}.Debug|x64.Build.0 = Debug|x64
		{5D4FBEB4-FE5F-42FC-8ED8-7E38E08C7DE4}.Debug|x64.Deploy.0 = Debug|x64
		{5D4FBEB4-FE5F-42FC-8ED8-7E38E08C7DE4}.Debug|x86.ActiveCfg = Debug|x86
		{5D4FBEB4-FE5F-42FC-8ED8-7E38E08C7DE4}.Debug|x86.Build.0 = Debug|x86
		{5D4FBEB4-FE5F-42FC-8ED8-7E38E08C7DE4}.Debug|x86.Deploy.0 = Debug|x86
		{5D4FBEB4-FE5F-42FC-8ED8-7E38E08C7DE4}.Release|Any CPU.ActiveCfg = Release|x86
		{5D4FBEB4-FE5F-42FC-8ED8-7E38E08C7DE4}.Release|ARM.ActiveCfg = Release|ARM
		{5D4FBEB4-FE5F-42FC-8ED8-7E38E08C7DE4}.Release|ARM.Build.0 = Release|ARM
		{5D4FBEB4-FE5F-42FC-8ED8-7E38E08C7DE4}.Release|ARM.Deploy.0 = Release|ARM
		{5D4FBEB4-FE5F-42FC-8ED8-7E38E08C7DE4}.Release|iPhone.ActiveCfg = Release|x86
		{5D4FBEB4-FE5F-42FC-8ED8-7E38E08C7DE4}.Release|iPhoneSimulator.ActiveCfg = Release|x86
		{5D4FBEB4-FE5F-42FC-8ED8-7E38E08C7DE4}.Release|x64.ActiveCfg = Release|x64
		{5D4FBEB4-FE5F-42FC-8ED8-7E38E08C7DE4}.Release|x64.Build.0 = Release|x64
		{5D4FBEB4-FE5F-42FC-8ED8-7E38E08C7DE4}.Release|x64.Deploy.0 = Release|x64
		{5D4FBEB4-FE5F-42FC-8ED8-7E38E08C7DE4}.Release|x86.ActiveCfg = Release|x86
		{5D4FBEB4-FE5F-42FC-8ED8-7E38E08C7DE4}.Release|x86.Build.0 = Release|x86
		{5D4FBEB4-FE5F-42FC-8ED8-7E38E08C7DE4}.Release|x86.Deploy.0 = Release|x86
		{6855EBF0-511E-47F3-A34B-7C18358A23E7}.Ad-Hoc|Any CPU.ActiveCfg = Release|Any CPU
		{6855EBF0-511E-47F3-A34B-7C18358A23E7}.Ad-Hoc|Any CPU.Build.0 = Release|Any CPU
		{6855EBF0-511E-47F3-A34B-7C18358A23E7}.Ad-Hoc|ARM.ActiveCfg = Release|Any CPU
		{6855EBF0-511E-47F3-A34B-7C18358A23E7}.Ad-Hoc|ARM.Build.0 = Release|Any CPU
		{6855EBF0-511E-47F3-A34B-7C18358A23E7}.Ad-Hoc|iPhone.ActiveCfg = Release|Any CPU
		{6855EBF0-511E-47F3-A34B-7C18358A23E7}.Ad-Hoc|iPhone.Build.0 = Release|Any CPU
		{6855EBF0-511E-47F3-A34B-7C18358A23E7}.Ad-Hoc|iPhoneSimulator.ActiveCfg = Release|Any CPU
		{6855EBF0-511E-47F3-A34B-7C18358A23E7}.Ad-Hoc|iPhoneSimulator.Build.0 = Release|Any CPU
		{6855EBF0-511E-47F3-A34B-7C18358A23E7}.Ad-Hoc|x64.ActiveCfg = Release|Any CPU
		{6855EBF0-511E-47F3-A34B-7C18358A23E7}.Ad-Hoc|x64.Build.0 = Release|Any CPU
		{6855EBF0-511E-47F3-A34B-7C18358A23E7}.Ad-Hoc|x86.ActiveCfg = Release|Any CPU
		{6855EBF0-511E-47F3-A34B-7C18358A23E7}.Ad-Hoc|x86.Build.0 = Release|Any CPU
		{6855EBF0-511E-47F3-A34B-7C18358A23E7}.AppStore|Any CPU.ActiveCfg = Release|Any CPU
		{6855EBF0-511E-47F3-A34B-7C18358A23E7}.AppStore|Any CPU.Build.0 = Release|Any CPU
		{6855EBF0-511E-47F3-A34B-7C18358A23E7}.AppStore|ARM.ActiveCfg = Release|Any CPU
		{6855EBF0-511E-47F3-A34B-7C18358A23E7}.AppStore|ARM.Build.0 = Release|Any CPU
		{6855EBF0-511E-47F3-A34B-7C18358A23E7}.AppStore|iPhone.ActiveCfg = Release|Any CPU
		{6855EBF0-511E-47F3-A34B-7C18358A23E7}.AppStore|iPhone.Build.0 = Release|Any CPU
		{6855EBF0-511E-47F3-A34B-7C18358A23E7}.AppStore|iPhoneSimulator.ActiveCfg = Release|Any CPU
		{6855EBF0-511E-47F3-A34B-7C18358A23E7}.AppStore|iPhoneSimulator.Build.0 = Release|Any CPU
		{6855EBF0-511E-47F3-A34B-7C18358A23E7}.AppStore|x64.ActiveCfg = Release|Any CPU
		{6855EBF0-511E-47F3-A34B-7C18358A23E7}.AppStore|x64.Build.0 = Release|Any CPU
		{6855EBF0-511E-47F3-A34B-7C18358A23E7}.AppStore|x86.ActiveCfg = Release|Any CPU
		{6855EBF0-511E-47F3-A34B-7C18358A23E7}.AppStore|x86.Build.0 = Release|Any CPU
		{6855EBF0-511E-47F3-A34B-7C18358A23E7}.Debug|Any CPU.ActiveCfg = Debug|Any CPU
		{6855EBF0-511E-47F3-A34B-7C18358A23E7}.Debug|Any CPU.Build.0 = Debug|Any CPU
		{6855EBF0-511E-47F3-A34B-7C18358A23E7}.Debug|ARM.ActiveCfg = Debug|Any CPU
		{6855EBF0-511E-47F3-A34B-7C18358A23E7}.Debug|ARM.Build.0 = Debug|Any CPU
		{6855EBF0-511E-47F3-A34B-7C18358A23E7}.Debug|iPhone.ActiveCfg = Debug|Any CPU
		{6855EBF0-511E-47F3-A34B-7C18358A23E7}.Debug|iPhone.Build.0 = Debug|Any CPU
		{6855EBF0-511E-47F3-A34B-7C18358A23E7}.Debug|iPhoneSimulator.ActiveCfg = Debug|Any CPU
		{6855EBF0-511E-47F3-A34B-7C18358A23E7}.Debug|iPhoneSimulator.Build.0 = Debug|Any CPU
		{6855EBF0-511E-47F3-A34B-7C18358A23E7}.Debug|x64.ActiveCfg = Debug|Any CPU
		{6855EBF0-511E-47F3-A34B-7C18358A23E7}.Debug|x64.Build.0 = Debug|Any CPU
		{6855EBF0-511E-47F3-A34B-7C18358A23E7}.Debug|x86.ActiveCfg = Debug|Any CPU
		{6855EBF0-511E-47F3-A34B-7C18358A23E7}.Debug|x86.Build.0 = Debug|Any CPU
		{6855EBF0-511E-47F3-A34B-7C18358A23E7}.Release|Any CPU.ActiveCfg = Release|Any CPU
		{6855EBF0-511E-47F3-A34B-7C18358A23E7}.Release|Any CPU.Build.0 = Release|Any CPU
		{6855EBF0-511E-47F3-A34B-7C18358A23E7}.Release|ARM.ActiveCfg = Release|Any CPU
		{6855EBF0-511E-47F3-A34B-7C18358A23E7}.Release|ARM.Build.0 = Release|Any CPU
		{6855EBF0-511E-47F3-A34B-7C18358A23E7}.Release|iPhone.ActiveCfg = Release|Any CPU
		{6855EBF0-511E-47F3-A34B-7C18358A23E7}.Release|iPhone.Build.0 = Release|Any CPU
		{6855EBF0-511E-47F3-A34B-7C18358A23E7}.Release|iPhoneSimulator.ActiveCfg = Release|Any CPU
		{6855EBF0-511E-47F3-A34B-7C18358A23E7}.Release|iPhoneSimulator.Build.0 = Release|Any CPU
		{6855EBF0-511E-47F3-A34B-7C18358A23E7}.Release|x64.ActiveCfg = Release|Any CPU
		{6855EBF0-511E-47F3-A34B-7C18358A23E7}.Release|x64.Build.0 = Release|Any CPU
		{6855EBF0-511E-47F3-A34B-7C18358A23E7}.Release|x86.ActiveCfg = Release|Any CPU
		{6855EBF0-511E-47F3-A34B-7C18358A23E7}.Release|x86.Build.0 = Release|Any CPU
		{BBAB655D-8D23-4149-B7DD-B1C7613DA2C3}.Ad-Hoc|Any CPU.ActiveCfg = Release|Any CPU
		{BBAB655D-8D23-4149-B7DD-B1C7613DA2C3}.Ad-Hoc|Any CPU.Build.0 = Release|Any CPU
		{BBAB655D-8D23-4149-B7DD-B1C7613DA2C3}.Ad-Hoc|ARM.ActiveCfg = Release|Any CPU
		{BBAB655D-8D23-4149-B7DD-B1C7613DA2C3}.Ad-Hoc|ARM.Build.0 = Release|Any CPU
		{BBAB655D-8D23-4149-B7DD-B1C7613DA2C3}.Ad-Hoc|iPhone.ActiveCfg = Release|Any CPU
		{BBAB655D-8D23-4149-B7DD-B1C7613DA2C3}.Ad-Hoc|iPhone.Build.0 = Release|Any CPU
		{BBAB655D-8D23-4149-B7DD-B1C7613DA2C3}.Ad-Hoc|iPhoneSimulator.ActiveCfg = Release|Any CPU
		{BBAB655D-8D23-4149-B7DD-B1C7613DA2C3}.Ad-Hoc|iPhoneSimulator.Build.0 = Release|Any CPU
		{BBAB655D-8D23-4149-B7DD-B1C7613DA2C3}.Ad-Hoc|x64.ActiveCfg = Release|Any CPU
		{BBAB655D-8D23-4149-B7DD-B1C7613DA2C3}.Ad-Hoc|x64.Build.0 = Release|Any CPU
		{BBAB655D-8D23-4149-B7DD-B1C7613DA2C3}.Ad-Hoc|x86.ActiveCfg = Release|Any CPU
		{BBAB655D-8D23-4149-B7DD-B1C7613DA2C3}.Ad-Hoc|x86.Build.0 = Release|Any CPU
		{BBAB655D-8D23-4149-B7DD-B1C7613DA2C3}.AppStore|Any CPU.ActiveCfg = Release|Any CPU
		{BBAB655D-8D23-4149-B7DD-B1C7613DA2C3}.AppStore|Any CPU.Build.0 = Release|Any CPU
		{BBAB655D-8D23-4149-B7DD-B1C7613DA2C3}.AppStore|ARM.ActiveCfg = Release|Any CPU
		{BBAB655D-8D23-4149-B7DD-B1C7613DA2C3}.AppStore|ARM.Build.0 = Release|Any CPU
		{BBAB655D-8D23-4149-B7DD-B1C7613DA2C3}.AppStore|iPhone.ActiveCfg = Release|Any CPU
		{BBAB655D-8D23-4149-B7DD-B1C7613DA2C3}.AppStore|iPhone.Build.0 = Release|Any CPU
		{BBAB655D-8D23-4149-B7DD-B1C7613DA2C3}.AppStore|iPhoneSimulator.ActiveCfg = Release|Any CPU
		{BBAB655D-8D23-4149-B7DD-B1C7613DA2C3}.AppStore|iPhoneSimulator.Build.0 = Release|Any CPU
		{BBAB655D-8D23-4149-B7DD-B1C7613DA2C3}.AppStore|x64.ActiveCfg = Release|Any CPU
		{BBAB655D-8D23-4149-B7DD-B1C7613DA2C3}.AppStore|x64.Build.0 = Release|Any CPU
		{BBAB655D-8D23-4149-B7DD-B1C7613DA2C3}.AppStore|x86.ActiveCfg = Release|Any CPU
		{BBAB655D-8D23-4149-B7DD-B1C7613DA2C3}.AppStore|x86.Build.0 = Release|Any CPU
		{BBAB655D-8D23-4149-B7DD-B1C7613DA2C3}.Debug|Any CPU.ActiveCfg = Debug|Any CPU
		{BBAB655D-8D23-4149-B7DD-B1C7613DA2C3}.Debug|Any CPU.Build.0 = Debug|Any CPU
		{BBAB655D-8D23-4149-B7DD-B1C7613DA2C3}.Debug|ARM.ActiveCfg = Debug|Any CPU
		{BBAB655D-8D23-4149-B7DD-B1C7613DA2C3}.Debug|ARM.Build.0 = Debug|Any CPU
		{BBAB655D-8D23-4149-B7DD-B1C7613DA2C3}.Debug|iPhone.ActiveCfg = Debug|Any CPU
		{BBAB655D-8D23-4149-B7DD-B1C7613DA2C3}.Debug|iPhone.Build.0 = Debug|Any CPU
		{BBAB655D-8D23-4149-B7DD-B1C7613DA2C3}.Debug|iPhoneSimulator.ActiveCfg = Debug|Any CPU
		{BBAB655D-8D23-4149-B7DD-B1C7613DA2C3}.Debug|iPhoneSimulator.Build.0 = Debug|Any CPU
		{BBAB655D-8D23-4149-B7DD-B1C7613DA2C3}.Debug|x64.ActiveCfg = Debug|Any CPU
		{BBAB655D-8D23-4149-B7DD-B1C7613DA2C3}.Debug|x64.Build.0 = Debug|Any CPU
		{BBAB655D-8D23-4149-B7DD-B1C7613DA2C3}.Debug|x86.ActiveCfg = Debug|Any CPU
		{BBAB655D-8D23-4149-B7DD-B1C7613DA2C3}.Debug|x86.Build.0 = Debug|Any CPU
		{BBAB655D-8D23-4149-B7DD-B1C7613DA2C3}.Release|Any CPU.ActiveCfg = Release|Any CPU
		{BBAB655D-8D23-4149-B7DD-B1C7613DA2C3}.Release|Any CPU.Build.0 = Release|Any CPU
		{BBAB655D-8D23-4149-B7DD-B1C7613DA2C3}.Release|ARM.ActiveCfg = Release|Any CPU
		{BBAB655D-8D23-4149-B7DD-B1C7613DA2C3}.Release|ARM.Build.0 = Release|Any CPU
		{BBAB655D-8D23-4149-B7DD-B1C7613DA2C3}.Release|iPhone.ActiveCfg = Release|Any CPU
		{BBAB655D-8D23-4149-B7DD-B1C7613DA2C3}.Release|iPhone.Build.0 = Release|Any CPU
		{BBAB655D-8D23-4149-B7DD-B1C7613DA2C3}.Release|iPhoneSimulator.ActiveCfg = Release|Any CPU
		{BBAB655D-8D23-4149-B7DD-B1C7613DA2C3}.Release|iPhoneSimulator.Build.0 = Release|Any CPU
		{BBAB655D-8D23-4149-B7DD-B1C7613DA2C3}.Release|x64.ActiveCfg = Release|Any CPU
		{BBAB655D-8D23-4149-B7DD-B1C7613DA2C3}.Release|x64.Build.0 = Release|Any CPU
		{BBAB655D-8D23-4149-B7DD-B1C7613DA2C3}.Release|x86.ActiveCfg = Release|Any CPU
		{BBAB655D-8D23-4149-B7DD-B1C7613DA2C3}.Release|x86.Build.0 = Release|Any CPU
		{B878F104-A27D-4ED6-AF23-5628AEBA45C3}.Ad-Hoc|Any CPU.ActiveCfg = Release|Any CPU
		{B878F104-A27D-4ED6-AF23-5628AEBA45C3}.Ad-Hoc|Any CPU.Build.0 = Release|Any CPU
		{B878F104-A27D-4ED6-AF23-5628AEBA45C3}.Ad-Hoc|ARM.ActiveCfg = Release|Any CPU
		{B878F104-A27D-4ED6-AF23-5628AEBA45C3}.Ad-Hoc|ARM.Build.0 = Release|Any CPU
		{B878F104-A27D-4ED6-AF23-5628AEBA45C3}.Ad-Hoc|iPhone.ActiveCfg = Release|Any CPU
		{B878F104-A27D-4ED6-AF23-5628AEBA45C3}.Ad-Hoc|iPhone.Build.0 = Release|Any CPU
		{B878F104-A27D-4ED6-AF23-5628AEBA45C3}.Ad-Hoc|iPhoneSimulator.ActiveCfg = Release|Any CPU
		{B878F104-A27D-4ED6-AF23-5628AEBA45C3}.Ad-Hoc|iPhoneSimulator.Build.0 = Release|Any CPU
		{B878F104-A27D-4ED6-AF23-5628AEBA45C3}.Ad-Hoc|x64.ActiveCfg = Release|Any CPU
		{B878F104-A27D-4ED6-AF23-5628AEBA45C3}.Ad-Hoc|x64.Build.0 = Release|Any CPU
		{B878F104-A27D-4ED6-AF23-5628AEBA45C3}.Ad-Hoc|x86.ActiveCfg = Release|Any CPU
		{B878F104-A27D-4ED6-AF23-5628AEBA45C3}.Ad-Hoc|x86.Build.0 = Release|Any CPU
		{B878F104-A27D-4ED6-AF23-5628AEBA45C3}.AppStore|Any CPU.ActiveCfg = Release|Any CPU
		{B878F104-A27D-4ED6-AF23-5628AEBA45C3}.AppStore|Any CPU.Build.0 = Release|Any CPU
		{B878F104-A27D-4ED6-AF23-5628AEBA45C3}.AppStore|ARM.ActiveCfg = Release|Any CPU
		{B878F104-A27D-4ED6-AF23-5628AEBA45C3}.AppStore|ARM.Build.0 = Release|Any CPU
		{B878F104-A27D-4ED6-AF23-5628AEBA45C3}.AppStore|iPhone.ActiveCfg = Release|Any CPU
		{B878F104-A27D-4ED6-AF23-5628AEBA45C3}.AppStore|iPhone.Build.0 = Release|Any CPU
		{B878F104-A27D-4ED6-AF23-5628AEBA45C3}.AppStore|iPhoneSimulator.ActiveCfg = Release|Any CPU
		{B878F104-A27D-4ED6-AF23-5628AEBA45C3}.AppStore|iPhoneSimulator.Build.0 = Release|Any CPU
		{B878F104-A27D-4ED6-AF23-5628AEBA45C3}.AppStore|x64.ActiveCfg = Release|Any CPU
		{B878F104-A27D-4ED6-AF23-5628AEBA45C3}.AppStore|x64.Build.0 = Release|Any CPU
		{B878F104-A27D-4ED6-AF23-5628AEBA45C3}.AppStore|x86.ActiveCfg = Release|Any CPU
		{B878F104-A27D-4ED6-AF23-5628AEBA45C3}.AppStore|x86.Build.0 = Release|Any CPU
		{B878F104-A27D-4ED6-AF23-5628AEBA45C3}.Debug|Any CPU.ActiveCfg = Debug|Any CPU
		{B878F104-A27D-4ED6-AF23-5628AEBA45C3}.Debug|Any CPU.Build.0 = Debug|Any CPU
		{B878F104-A27D-4ED6-AF23-5628AEBA45C3}.Debug|Any CPU.Deploy.0 = Debug|Any CPU
		{B878F104-A27D-4ED6-AF23-5628AEBA45C3}.Debug|ARM.ActiveCfg = Debug|Any CPU
		{B878F104-A27D-4ED6-AF23-5628AEBA45C3}.Debug|ARM.Build.0 = Debug|Any CPU
		{B878F104-A27D-4ED6-AF23-5628AEBA45C3}.Debug|iPhone.ActiveCfg = Debug|Any CPU
		{B878F104-A27D-4ED6-AF23-5628AEBA45C3}.Debug|iPhone.Build.0 = Debug|Any CPU
		{B878F104-A27D-4ED6-AF23-5628AEBA45C3}.Debug|iPhoneSimulator.ActiveCfg = Debug|Any CPU
		{B878F104-A27D-4ED6-AF23-5628AEBA45C3}.Debug|iPhoneSimulator.Build.0 = Debug|Any CPU
		{B878F104-A27D-4ED6-AF23-5628AEBA45C3}.Debug|x64.ActiveCfg = Debug|Any CPU
		{B878F104-A27D-4ED6-AF23-5628AEBA45C3}.Debug|x64.Build.0 = Debug|Any CPU
		{B878F104-A27D-4ED6-AF23-5628AEBA45C3}.Debug|x86.ActiveCfg = Debug|Any CPU
		{B878F104-A27D-4ED6-AF23-5628AEBA45C3}.Debug|x86.Build.0 = Debug|Any CPU
		{B878F104-A27D-4ED6-AF23-5628AEBA45C3}.Release|Any CPU.ActiveCfg = Release|Any CPU
		{B878F104-A27D-4ED6-AF23-5628AEBA45C3}.Release|Any CPU.Build.0 = Release|Any CPU
		{B878F104-A27D-4ED6-AF23-5628AEBA45C3}.Release|Any CPU.Deploy.0 = Release|Any CPU
		{B878F104-A27D-4ED6-AF23-5628AEBA45C3}.Release|ARM.ActiveCfg = Release|Any CPU
		{B878F104-A27D-4ED6-AF23-5628AEBA45C3}.Release|ARM.Build.0 = Release|Any CPU
		{B878F104-A27D-4ED6-AF23-5628AEBA45C3}.Release|iPhone.ActiveCfg = Release|Any CPU
		{B878F104-A27D-4ED6-AF23-5628AEBA45C3}.Release|iPhone.Build.0 = Release|Any CPU
		{B878F104-A27D-4ED6-AF23-5628AEBA45C3}.Release|iPhoneSimulator.ActiveCfg = Release|Any CPU
		{B878F104-A27D-4ED6-AF23-5628AEBA45C3}.Release|iPhoneSimulator.Build.0 = Release|Any CPU
		{B878F104-A27D-4ED6-AF23-5628AEBA45C3}.Release|x64.ActiveCfg = Release|Any CPU
		{B878F104-A27D-4ED6-AF23-5628AEBA45C3}.Release|x64.Build.0 = Release|Any CPU
		{B878F104-A27D-4ED6-AF23-5628AEBA45C3}.Release|x86.ActiveCfg = Release|Any CPU
		{B878F104-A27D-4ED6-AF23-5628AEBA45C3}.Release|x86.Build.0 = Release|Any CPU
		{215B5027-7D76-44A7-8D07-61CA6ED6EAB6}.Ad-Hoc|Any CPU.ActiveCfg = Release|Any CPU
		{215B5027-7D76-44A7-8D07-61CA6ED6EAB6}.Ad-Hoc|Any CPU.Build.0 = Release|Any CPU
		{215B5027-7D76-44A7-8D07-61CA6ED6EAB6}.Ad-Hoc|ARM.ActiveCfg = Release|Any CPU
		{215B5027-7D76-44A7-8D07-61CA6ED6EAB6}.Ad-Hoc|ARM.Build.0 = Release|Any CPU
		{215B5027-7D76-44A7-8D07-61CA6ED6EAB6}.Ad-Hoc|iPhone.ActiveCfg = Release|Any CPU
		{215B5027-7D76-44A7-8D07-61CA6ED6EAB6}.Ad-Hoc|iPhone.Build.0 = Release|Any CPU
		{215B5027-7D76-44A7-8D07-61CA6ED6EAB6}.Ad-Hoc|iPhoneSimulator.ActiveCfg = Release|Any CPU
		{215B5027-7D76-44A7-8D07-61CA6ED6EAB6}.Ad-Hoc|iPhoneSimulator.Build.0 = Release|Any CPU
		{215B5027-7D76-44A7-8D07-61CA6ED6EAB6}.Ad-Hoc|x64.ActiveCfg = Release|Any CPU
		{215B5027-7D76-44A7-8D07-61CA6ED6EAB6}.Ad-Hoc|x64.Build.0 = Release|Any CPU
		{215B5027-7D76-44A7-8D07-61CA6ED6EAB6}.Ad-Hoc|x86.ActiveCfg = Release|Any CPU
		{215B5027-7D76-44A7-8D07-61CA6ED6EAB6}.Ad-Hoc|x86.Build.0 = Release|Any CPU
		{215B5027-7D76-44A7-8D07-61CA6ED6EAB6}.AppStore|Any CPU.ActiveCfg = Release|Any CPU
		{215B5027-7D76-44A7-8D07-61CA6ED6EAB6}.AppStore|Any CPU.Build.0 = Release|Any CPU
		{215B5027-7D76-44A7-8D07-61CA6ED6EAB6}.AppStore|ARM.ActiveCfg = Release|Any CPU
		{215B5027-7D76-44A7-8D07-61CA6ED6EAB6}.AppStore|ARM.Build.0 = Release|Any CPU
		{215B5027-7D76-44A7-8D07-61CA6ED6EAB6}.AppStore|iPhone.ActiveCfg = Release|Any CPU
		{215B5027-7D76-44A7-8D07-61CA6ED6EAB6}.AppStore|iPhone.Build.0 = Release|Any CPU
		{215B5027-7D76-44A7-8D07-61CA6ED6EAB6}.AppStore|iPhoneSimulator.ActiveCfg = Release|Any CPU
		{215B5027-7D76-44A7-8D07-61CA6ED6EAB6}.AppStore|iPhoneSimulator.Build.0 = Release|Any CPU
		{215B5027-7D76-44A7-8D07-61CA6ED6EAB6}.AppStore|x64.ActiveCfg = Release|Any CPU
		{215B5027-7D76-44A7-8D07-61CA6ED6EAB6}.AppStore|x64.Build.0 = Release|Any CPU
		{215B5027-7D76-44A7-8D07-61CA6ED6EAB6}.AppStore|x86.ActiveCfg = Release|Any CPU
		{215B5027-7D76-44A7-8D07-61CA6ED6EAB6}.AppStore|x86.Build.0 = Release|Any CPU
		{215B5027-7D76-44A7-8D07-61CA6ED6EAB6}.Debug|Any CPU.ActiveCfg = Debug|Any CPU
		{215B5027-7D76-44A7-8D07-61CA6ED6EAB6}.Debug|Any CPU.Build.0 = Debug|Any CPU
		{215B5027-7D76-44A7-8D07-61CA6ED6EAB6}.Debug|ARM.ActiveCfg = Debug|Any CPU
		{215B5027-7D76-44A7-8D07-61CA6ED6EAB6}.Debug|ARM.Build.0 = Debug|Any CPU
		{215B5027-7D76-44A7-8D07-61CA6ED6EAB6}.Debug|iPhone.ActiveCfg = Debug|Any CPU
		{215B5027-7D76-44A7-8D07-61CA6ED6EAB6}.Debug|iPhone.Build.0 = Debug|Any CPU
		{215B5027-7D76-44A7-8D07-61CA6ED6EAB6}.Debug|iPhoneSimulator.ActiveCfg = Debug|Any CPU
		{215B5027-7D76-44A7-8D07-61CA6ED6EAB6}.Debug|iPhoneSimulator.Build.0 = Debug|Any CPU
		{215B5027-7D76-44A7-8D07-61CA6ED6EAB6}.Debug|x64.ActiveCfg = Debug|Any CPU
		{215B5027-7D76-44A7-8D07-61CA6ED6EAB6}.Debug|x64.Build.0 = Debug|Any CPU
		{215B5027-7D76-44A7-8D07-61CA6ED6EAB6}.Debug|x86.ActiveCfg = Debug|Any CPU
		{215B5027-7D76-44A7-8D07-61CA6ED6EAB6}.Debug|x86.Build.0 = Debug|Any CPU
		{215B5027-7D76-44A7-8D07-61CA6ED6EAB6}.Release|Any CPU.ActiveCfg = Release|Any CPU
		{215B5027-7D76-44A7-8D07-61CA6ED6EAB6}.Release|Any CPU.Build.0 = Release|Any CPU
		{215B5027-7D76-44A7-8D07-61CA6ED6EAB6}.Release|ARM.ActiveCfg = Release|Any CPU
		{215B5027-7D76-44A7-8D07-61CA6ED6EAB6}.Release|ARM.Build.0 = Release|Any CPU
		{215B5027-7D76-44A7-8D07-61CA6ED6EAB6}.Release|iPhone.ActiveCfg = Release|Any CPU
		{215B5027-7D76-44A7-8D07-61CA6ED6EAB6}.Release|iPhone.Build.0 = Release|Any CPU
		{215B5027-7D76-44A7-8D07-61CA6ED6EAB6}.Release|iPhoneSimulator.ActiveCfg = Release|Any CPU
		{215B5027-7D76-44A7-8D07-61CA6ED6EAB6}.Release|iPhoneSimulator.Build.0 = Release|Any CPU
		{215B5027-7D76-44A7-8D07-61CA6ED6EAB6}.Release|x64.ActiveCfg = Release|Any CPU
		{215B5027-7D76-44A7-8D07-61CA6ED6EAB6}.Release|x64.Build.0 = Release|Any CPU
		{215B5027-7D76-44A7-8D07-61CA6ED6EAB6}.Release|x86.ActiveCfg = Release|Any CPU
		{215B5027-7D76-44A7-8D07-61CA6ED6EAB6}.Release|x86.Build.0 = Release|Any CPU
		{993BF0CC-4EC8-4629-A60D-1F9A2DC4BC67}.Ad-Hoc|Any CPU.ActiveCfg = Release|x64
		{993BF0CC-4EC8-4629-A60D-1F9A2DC4BC67}.Ad-Hoc|Any CPU.Build.0 = Release|x64
		{993BF0CC-4EC8-4629-A60D-1F9A2DC4BC67}.Ad-Hoc|Any CPU.Deploy.0 = Release|x64
		{993BF0CC-4EC8-4629-A60D-1F9A2DC4BC67}.Ad-Hoc|ARM.ActiveCfg = Release|ARM
		{993BF0CC-4EC8-4629-A60D-1F9A2DC4BC67}.Ad-Hoc|ARM.Build.0 = Release|ARM
		{993BF0CC-4EC8-4629-A60D-1F9A2DC4BC67}.Ad-Hoc|ARM.Deploy.0 = Release|ARM
		{993BF0CC-4EC8-4629-A60D-1F9A2DC4BC67}.Ad-Hoc|ARM64.ActiveCfg = Release|ARM64
		{993BF0CC-4EC8-4629-A60D-1F9A2DC4BC67}.Ad-Hoc|ARM64.Build.0 = Release|ARM64
		{993BF0CC-4EC8-4629-A60D-1F9A2DC4BC67}.Ad-Hoc|ARM64.Deploy.0 = Release|ARM64
		{993BF0CC-4EC8-4629-A60D-1F9A2DC4BC67}.Ad-Hoc|iPhone.ActiveCfg = Release|x64
		{993BF0CC-4EC8-4629-A60D-1F9A2DC4BC67}.Ad-Hoc|iPhone.Build.0 = Release|x64
		{993BF0CC-4EC8-4629-A60D-1F9A2DC4BC67}.Ad-Hoc|iPhone.Deploy.0 = Release|x64
		{993BF0CC-4EC8-4629-A60D-1F9A2DC4BC67}.Ad-Hoc|iPhoneSimulator.ActiveCfg = Release|x64
		{993BF0CC-4EC8-4629-A60D-1F9A2DC4BC67}.Ad-Hoc|iPhoneSimulator.Build.0 = Release|x64
		{993BF0CC-4EC8-4629-A60D-1F9A2DC4BC67}.Ad-Hoc|iPhoneSimulator.Deploy.0 = Release|x64
		{993BF0CC-4EC8-4629-A60D-1F9A2DC4BC67}.Ad-Hoc|x64.ActiveCfg = Release|x64
		{993BF0CC-4EC8-4629-A60D-1F9A2DC4BC67}.Ad-Hoc|x64.Build.0 = Release|x64
		{993BF0CC-4EC8-4629-A60D-1F9A2DC4BC67}.Ad-Hoc|x64.Deploy.0 = Release|x64
		{993BF0CC-4EC8-4629-A60D-1F9A2DC4BC67}.Ad-Hoc|x86.ActiveCfg = Release|x86
		{993BF0CC-4EC8-4629-A60D-1F9A2DC4BC67}.Ad-Hoc|x86.Build.0 = Release|x86
		{993BF0CC-4EC8-4629-A60D-1F9A2DC4BC67}.Ad-Hoc|x86.Deploy.0 = Release|x86
		{993BF0CC-4EC8-4629-A60D-1F9A2DC4BC67}.AppStore|Any CPU.ActiveCfg = Release|x64
		{993BF0CC-4EC8-4629-A60D-1F9A2DC4BC67}.AppStore|Any CPU.Build.0 = Release|x64
		{993BF0CC-4EC8-4629-A60D-1F9A2DC4BC67}.AppStore|Any CPU.Deploy.0 = Release|x64
		{993BF0CC-4EC8-4629-A60D-1F9A2DC4BC67}.AppStore|ARM.ActiveCfg = Release|ARM
		{993BF0CC-4EC8-4629-A60D-1F9A2DC4BC67}.AppStore|ARM.Build.0 = Release|ARM
		{993BF0CC-4EC8-4629-A60D-1F9A2DC4BC67}.AppStore|ARM.Deploy.0 = Release|ARM
		{993BF0CC-4EC8-4629-A60D-1F9A2DC4BC67}.AppStore|ARM64.ActiveCfg = Release|ARM64
		{993BF0CC-4EC8-4629-A60D-1F9A2DC4BC67}.AppStore|ARM64.Build.0 = Release|ARM64
		{993BF0CC-4EC8-4629-A60D-1F9A2DC4BC67}.AppStore|ARM64.Deploy.0 = Release|ARM64
		{993BF0CC-4EC8-4629-A60D-1F9A2DC4BC67}.AppStore|iPhone.ActiveCfg = Release|x64
		{993BF0CC-4EC8-4629-A60D-1F9A2DC4BC67}.AppStore|iPhone.Build.0 = Release|x64
		{993BF0CC-4EC8-4629-A60D-1F9A2DC4BC67}.AppStore|iPhone.Deploy.0 = Release|x64
		{993BF0CC-4EC8-4629-A60D-1F9A2DC4BC67}.AppStore|iPhoneSimulator.ActiveCfg = Release|x64
		{993BF0CC-4EC8-4629-A60D-1F9A2DC4BC67}.AppStore|iPhoneSimulator.Build.0 = Release|x64
		{993BF0CC-4EC8-4629-A60D-1F9A2DC4BC67}.AppStore|iPhoneSimulator.Deploy.0 = Release|x64
		{993BF0CC-4EC8-4629-A60D-1F9A2DC4BC67}.AppStore|x64.ActiveCfg = Release|x64
		{993BF0CC-4EC8-4629-A60D-1F9A2DC4BC67}.AppStore|x64.Build.0 = Release|x64
		{993BF0CC-4EC8-4629-A60D-1F9A2DC4BC67}.AppStore|x64.Deploy.0 = Release|x64
		{993BF0CC-4EC8-4629-A60D-1F9A2DC4BC67}.AppStore|x86.ActiveCfg = Release|x86
		{993BF0CC-4EC8-4629-A60D-1F9A2DC4BC67}.AppStore|x86.Build.0 = Release|x86
		{993BF0CC-4EC8-4629-A60D-1F9A2DC4BC67}.AppStore|x86.Deploy.0 = Release|x86
		{993BF0CC-4EC8-4629-A60D-1F9A2DC4BC67}.Debug|Any CPU.ActiveCfg = Debug|x86
		{993BF0CC-4EC8-4629-A60D-1F9A2DC4BC67}.Debug|ARM.ActiveCfg = Debug|ARM
		{993BF0CC-4EC8-4629-A60D-1F9A2DC4BC67}.Debug|ARM.Build.0 = Debug|ARM
		{993BF0CC-4EC8-4629-A60D-1F9A2DC4BC67}.Debug|ARM.Deploy.0 = Debug|ARM
		{993BF0CC-4EC8-4629-A60D-1F9A2DC4BC67}.Debug|ARM64.ActiveCfg = Debug|ARM64
		{993BF0CC-4EC8-4629-A60D-1F9A2DC4BC67}.Debug|ARM64.Build.0 = Debug|ARM64
		{993BF0CC-4EC8-4629-A60D-1F9A2DC4BC67}.Debug|ARM64.Deploy.0 = Debug|ARM64
		{993BF0CC-4EC8-4629-A60D-1F9A2DC4BC67}.Debug|iPhone.ActiveCfg = Debug|x86
		{993BF0CC-4EC8-4629-A60D-1F9A2DC4BC67}.Debug|iPhoneSimulator.ActiveCfg = Debug|x86
		{993BF0CC-4EC8-4629-A60D-1F9A2DC4BC67}.Debug|x64.ActiveCfg = Debug|x64
		{993BF0CC-4EC8-4629-A60D-1F9A2DC4BC67}.Debug|x64.Build.0 = Debug|x64
		{993BF0CC-4EC8-4629-A60D-1F9A2DC4BC67}.Debug|x64.Deploy.0 = Debug|x64
		{993BF0CC-4EC8-4629-A60D-1F9A2DC4BC67}.Debug|x86.ActiveCfg = Debug|x86
		{993BF0CC-4EC8-4629-A60D-1F9A2DC4BC67}.Debug|x86.Build.0 = Debug|x86
		{993BF0CC-4EC8-4629-A60D-1F9A2DC4BC67}.Debug|x86.Deploy.0 = Debug|x86
		{993BF0CC-4EC8-4629-A60D-1F9A2DC4BC67}.Release|Any CPU.ActiveCfg = Release|x86
		{993BF0CC-4EC8-4629-A60D-1F9A2DC4BC67}.Release|ARM.ActiveCfg = Release|ARM
		{993BF0CC-4EC8-4629-A60D-1F9A2DC4BC67}.Release|ARM.Build.0 = Release|ARM
		{993BF0CC-4EC8-4629-A60D-1F9A2DC4BC67}.Release|ARM.Deploy.0 = Release|ARM
		{993BF0CC-4EC8-4629-A60D-1F9A2DC4BC67}.Release|ARM64.ActiveCfg = Release|ARM64
		{993BF0CC-4EC8-4629-A60D-1F9A2DC4BC67}.Release|ARM64.Build.0 = Release|ARM64
		{993BF0CC-4EC8-4629-A60D-1F9A2DC4BC67}.Release|ARM64.Deploy.0 = Release|ARM64
		{993BF0CC-4EC8-4629-A60D-1F9A2DC4BC67}.Release|iPhone.ActiveCfg = Release|x86
		{993BF0CC-4EC8-4629-A60D-1F9A2DC4BC67}.Release|iPhoneSimulator.ActiveCfg = Release|x86
		{993BF0CC-4EC8-4629-A60D-1F9A2DC4BC67}.Release|x64.ActiveCfg = Release|x64
		{993BF0CC-4EC8-4629-A60D-1F9A2DC4BC67}.Release|x64.Build.0 = Release|x64
		{993BF0CC-4EC8-4629-A60D-1F9A2DC4BC67}.Release|x64.Deploy.0 = Release|x64
		{993BF0CC-4EC8-4629-A60D-1F9A2DC4BC67}.Release|x86.ActiveCfg = Release|x86
		{993BF0CC-4EC8-4629-A60D-1F9A2DC4BC67}.Release|x86.Build.0 = Release|x86
		{993BF0CC-4EC8-4629-A60D-1F9A2DC4BC67}.Release|x86.Deploy.0 = Release|x86
	EndGlobalSection
	GlobalSection(SolutionProperties) = preSolution
		HideSolutionNode = FALSE
	EndGlobalSection
	GlobalSection(ExtensibilityGlobals) = postSolution
		SolutionGuid = {F6D05029-56B8-4E45-AF2D-0E76295DDBA2}
	EndGlobalSection
EndGlobal
