
Microsoft Visual Studio Solution File, Format Version 12.00
# Visual Studio 15
VisualStudioVersion = 15.0.26730.10
MinimumVisualStudioVersion = 10.0.40219.1

Project("{6EC3EE1D-3C4E-46DD-8F32-0CC8E7565705}") = "Solene.AdminClient.Crossplat", "Solene.AdminClient.Crossplat\Solene.AdminClient.Crossplat.fsproj", "{B565B308-4861-4E1A-A6ED-09A0EC6BB6E4}"
EndProject

Project("{F2A71F9B-5D33-465A-A702-920D77279786}") = "Solene.AdminClient.Crossplat.Android", "Solene.AdminClient.Crossplat.Android\Solene.AdminClient.Crossplat.Android.fsproj", "{5076338D-CE32-47F6-AC9B-3EBCB69DC882}"
EndProject






Global
	GlobalSection(SolutionConfigurationPlatforms) = preSolution
		Ad-Hoc|Any CPU = Ad-Hoc|Any CPU
		Ad-Hoc|ARM = Ad-Hoc|ARM
		Ad-Hoc|iPhone = Ad-Hoc|iPhone
		Ad-Hoc|iPhoneSimulator = Ad-Hoc|iPhoneSimulator
		Ad-Hoc|x64 = Ad-Hoc|x64
		Ad-Hoc|x86 = Ad-Hoc|x86
		AppStore|Any CPU = AppStore|Any CPU
		AppStore|ARM = AppStore|ARM
		AppStore|iPhone = AppStore|iPhone
		AppStore|iPhoneSimulator = AppStore|iPhoneSimulator
		AppStore|x64 = AppStore|x64
		AppStore|x86 = AppStore|x86
		Debug|Any CPU = Debug|Any CPU
		Debug|ARM = Debug|ARM
		Debug|iPhone = Debug|iPhone
		Debug|iPhoneSimulator = Debug|iPhoneSimulator
		Debug|x64 = Debug|x64
		Debug|x86 = Debug|x86
		Release|Any CPU = Release|Any CPU
		Release|ARM = Release|ARM
		Release|iPhone = Release|iPhone
		Release|iPhoneSimulator = Release|iPhoneSimulator
		Release|x64 = Release|x64
		Release|x86 = Release|x86
	EndGlobalSection
	GlobalSection(ProjectConfigurationPlatforms) = postSolution
		{B565B308-4861-4E1A-A6ED-09A0EC6BB6E4}.Ad-Hoc|Any CPU.ActiveCfg = Debug|Any CPU
		{B565B308-4861-4E1A-A6ED-09A0EC6BB6E4}.Ad-Hoc|Any CPU.Build.0 = Debug|Any CPU
		{B565B308-4861-4E1A-A6ED-09A0EC6BB6E4}.Ad-Hoc|ARM.ActiveCfg = Debug|Any CPU
		{B565B308-4861-4E1A-A6ED-09A0EC6BB6E4}.Ad-Hoc|ARM.Build.0 = Debug|Any CPU
		{B565B308-4861-4E1A-A6ED-09A0EC6BB6E4}.Ad-Hoc|iPhone.ActiveCfg = Debug|Any CPU
		{B565B308-4861-4E1A-A6ED-09A0EC6BB6E4}.Ad-Hoc|iPhone.Build.0 = Debug|Any CPU
		{B565B308-4861-4E1A-A6ED-09A0EC6BB6E4}.Ad-Hoc|iPhoneSimulator.ActiveCfg = Debug|Any CPU
		{B565B308-4861-4E1A-A6ED-09A0EC6BB6E4}.Ad-Hoc|iPhoneSimulator.Build.0 = Debug|Any CPU
		{B565B308-4861-4E1A-A6ED-09A0EC6BB6E4}.Ad-Hoc|x64.ActiveCfg = Debug|Any CPU
		{B565B308-4861-4E1A-A6ED-09A0EC6BB6E4}.Ad-Hoc|x64.Build.0 = Debug|Any CPU
		{B565B308-4861-4E1A-A6ED-09A0EC6BB6E4}.Ad-Hoc|x86.ActiveCfg = Debug|Any CPU
		{B565B308-4861-4E1A-A6ED-09A0EC6BB6E4}.Ad-Hoc|x86.Build.0 = Debug|Any CPU
		{B565B308-4861-4E1A-A6ED-09A0EC6BB6E4}.AppStore|Any CPU.ActiveCfg = Debug|Any CPU
		{B565B308-4861-4E1A-A6ED-09A0EC6BB6E4}.AppStore|Any CPU.Build.0 = Debug|Any CPU
		{B565B308-4861-4E1A-A6ED-09A0EC6BB6E4}.AppStore|ARM.ActiveCfg = Debug|Any CPU
		{B565B308-4861-4E1A-A6ED-09A0EC6BB6E4}.AppStore|ARM.Build.0 = Debug|Any CPU
		{B565B308-4861-4E1A-A6ED-09A0EC6BB6E4}.AppStore|iPhone.ActiveCfg = Debug|Any CPU
		{B565B308-4861-4E1A-A6ED-09A0EC6BB6E4}.AppStore|iPhone.Build.0 = Debug|Any CPU
		{B565B308-4861-4E1A-A6ED-09A0EC6BB6E4}.AppStore|iPhoneSimulator.ActiveCfg = Debug|Any CPU
		{B565B308-4861-4E1A-A6ED-09A0EC6BB6E4}.AppStore|iPhoneSimulator.Build.0 = Debug|Any CPU
		{B565B308-4861-4E1A-A6ED-09A0EC6BB6E4}.AppStore|x64.ActiveCfg = Debug|Any CPU
		{B565B308-4861-4E1A-A6ED-09A0EC6BB6E4}.AppStore|x64.Build.0 = Debug|Any CPU
		{B565B308-4861-4E1A-A6ED-09A0EC6BB6E4}.AppStore|x86.ActiveCfg = Debug|Any CPU
		{B565B308-4861-4E1A-A6ED-09A0EC6BB6E4}.AppStore|x86.Build.0 = Debug|Any CPU
		{B565B308-4861-4E1A-A6ED-09A0EC6BB6E4}.Debug|Any CPU.ActiveCfg = Debug|Any CPU
		{B565B308-4861-4E1A-A6ED-09A0EC6BB6E4}.Debug|Any CPU.Build.0 = Debug|Any CPU
		{B565B308-4861-4E1A-A6ED-09A0EC6BB6E4}.Debug|ARM.ActiveCfg = Debug|Any CPU
		{B565B308-4861-4E1A-A6ED-09A0EC6BB6E4}.Debug|ARM.Build.0 = Debug|Any CPU
		{B565B308-4861-4E1A-A6ED-09A0EC6BB6E4}.Debug|iPhone.ActiveCfg = Debug|Any CPU
		{B565B308-4861-4E1A-A6ED-09A0EC6BB6E4}.Debug|iPhone.Build.0 = Debug|Any CPU
		{B565B308-4861-4E1A-A6ED-09A0EC6BB6E4}.Debug|iPhoneSimulator.ActiveCfg = Debug|Any CPU
		{B565B308-4861-4E1A-A6ED-09A0EC6BB6E4}.Debug|iPhoneSimulator.Build.0 = Debug|Any CPU
		{B565B308-4861-4E1A-A6ED-09A0EC6BB6E4}.Debug|x64.ActiveCfg = Debug|Any CPU
		{B565B308-4861-4E1A-A6ED-09A0EC6BB6E4}.Debug|x64.Build.0 = Debug|Any CPU
		{B565B308-4861-4E1A-A6ED-09A0EC6BB6E4}.Debug|x86.ActiveCfg = Debug|Any CPU
		{B565B308-4861-4E1A-A6ED-09A0EC6BB6E4}.Debug|x86.Build.0 = Debug|Any CPU
		{B565B308-4861-4E1A-A6ED-09A0EC6BB6E4}.Release|Any CPU.ActiveCfg = Release|Any CPU
		{B565B308-4861-4E1A-A6ED-09A0EC6BB6E4}.Release|Any CPU.Build.0 = Release|Any CPU
		{B565B308-4861-4E1A-A6ED-09A0EC6BB6E4}.Release|ARM.ActiveCfg = Release|Any CPU
		{B565B308-4861-4E1A-A6ED-09A0EC6BB6E4}.Release|ARM.Build.0 = Release|Any CPU
		{B565B308-4861-4E1A-A6ED-09A0EC6BB6E4}.Release|iPhone.ActiveCfg = Release|Any CPU
		{B565B308-4861-4E1A-A6ED-09A0EC6BB6E4}.Release|iPhone.Build.0 = Release|Any CPU
		{B565B308-4861-4E1A-A6ED-09A0EC6BB6E4}.Release|iPhoneSimulator.ActiveCfg = Release|Any CPU
		{B565B308-4861-4E1A-A6ED-09A0EC6BB6E4}.Release|iPhoneSimulator.Build.0 = Release|Any CPU
		{B565B308-4861-4E1A-A6ED-09A0EC6BB6E4}.Release|x64.ActiveCfg = Release|Any CPU
		{B565B308-4861-4E1A-A6ED-09A0EC6BB6E4}.Release|x64.Build.0 = Release|Any CPU
		{B565B308-4861-4E1A-A6ED-09A0EC6BB6E4}.Release|x86.ActiveCfg = Release|Any CPU
		{B565B308-4861-4E1A-A6ED-09A0EC6BB6E4}.Release|x86.Build.0 = Release|Any CPU
		{684E3568-7514-4893-9F34-3BE0E517F5F1}.Ad-Hoc|Any CPU.ActiveCfg = Ad-Hoc|iPhone
		{684E3568-7514-4893-9F34-3BE0E517F5F1}.Ad-Hoc|ARM.ActiveCfg = Ad-Hoc|iPhone
		{684E3568-7514-4893-9F34-3BE0E517F5F1}.Ad-Hoc|iPhone.ActiveCfg = Ad-Hoc|iPhone
		{684E3568-7514-4893-9F34-3BE0E517F5F1}.Ad-Hoc|iPhone.Build.0 = Ad-Hoc|iPhone
		{684E3568-7514-4893-9F34-3BE0E517F5F1}.Ad-Hoc|iPhoneSimulator.ActiveCfg = Ad-Hoc|iPhoneSimulator
		{684E3568-7514-4893-9F34-3BE0E517F5F1}.Ad-Hoc|iPhoneSimulator.Build.0 = Ad-Hoc|iPhoneSimulator
		{684E3568-7514-4893-9F34-3BE0E517F5F1}.Ad-Hoc|x64.ActiveCfg = Ad-Hoc|iPhone
		{684E3568-7514-4893-9F34-3BE0E517F5F1}.Ad-Hoc|x86.ActiveCfg = Ad-Hoc|iPhone
		{684E3568-7514-4893-9F34-3BE0E517F5F1}.AppStore|Any CPU.ActiveCfg = AppStore|iPhone
		{684E3568-7514-4893-9F34-3BE0E517F5F1}.AppStore|ARM.ActiveCfg = AppStore|iPhone
		{684E3568-7514-4893-9F34-3BE0E517F5F1}.AppStore|iPhone.ActiveCfg = AppStore|iPhone
		{684E3568-7514-4893-9F34-3BE0E517F5F1}.AppStore|iPhone.Build.0 = AppStore|iPhone
		{684E3568-7514-4893-9F34-3BE0E517F5F1}.AppStore|iPhoneSimulator.ActiveCfg = AppStore|iPhoneSimulator
		{684E3568-7514-4893-9F34-3BE0E517F5F1}.AppStore|iPhoneSimulator.Build.0 = AppStore|iPhoneSimulator
		{684E3568-7514-4893-9F34-3BE0E517F5F1}.AppStore|x64.ActiveCfg = AppStore|iPhone
		{684E3568-7514-4893-9F34-3BE0E517F5F1}.AppStore|x86.ActiveCfg = AppStore|iPhone
		{684E3568-7514-4893-9F34-3BE0E517F5F1}.Debug|Any CPU.ActiveCfg = Debug|iPhone
		{684E3568-7514-4893-9F34-3BE0E517F5F1}.Debug|ARM.ActiveCfg = Debug|iPhone
		{684E3568-7514-4893-9F34-3BE0E517F5F1}.Debug|iPhone.ActiveCfg = Debug|iPhone
		{684E3568-7514-4893-9F34-3BE0E517F5F1}.Debug|iPhone.Build.0 = Debug|iPhone
		{684E3568-7514-4893-9F34-3BE0E517F5F1}.Debug|iPhoneSimulator.ActiveCfg = Debug|iPhoneSimulator
		{684E3568-7514-4893-9F34-3BE0E517F5F1}.Debug|iPhoneSimulator.Build.0 = Debug|iPhoneSimulator
		{684E3568-7514-4893-9F34-3BE0E517F5F1}.Debug|x64.ActiveCfg = Debug|iPhone
		{684E3568-7514-4893-9F34-3BE0E517F5F1}.Debug|x86.ActiveCfg = Debug|iPhone
		{684E3568-7514-4893-9F34-3BE0E517F5F1}.Release|Any CPU.ActiveCfg = Release|iPhone
		{684E3568-7514-4893-9F34-3BE0E517F5F1}.Release|ARM.ActiveCfg = Release|iPhone
		{684E3568-7514-4893-9F34-3BE0E517F5F1}.Release|iPhone.ActiveCfg = Release|iPhone
		{684E3568-7514-4893-9F34-3BE0E517F5F1}.Release|iPhone.Build.0 = Release|iPhone
		{684E3568-7514-4893-9F34-3BE0E517F5F1}.Release|iPhoneSimulator.ActiveCfg = Release|iPhoneSimulator
		{684E3568-7514-4893-9F34-3BE0E517F5F1}.Release|iPhoneSimulator.Build.0 = Release|iPhoneSimulator
		{684E3568-7514-4893-9F34-3BE0E517F5F1}.Release|x64.ActiveCfg = Release|iPhone
		{684E3568-7514-4893-9F34-3BE0E517F5F1}.Release|x86.ActiveCfg = Release|iPhone
		{30FFF06A-0B3E-4A7B-8609-7AC2C5247043}.Ad-Hoc|Any CPU.ActiveCfg = Release|x86
		{30FFF06A-0B3E-4A7B-8609-7AC2C5247043}.Ad-Hoc|Any CPU.Build.0 = Release|x86
		{30FFF06A-0B3E-4A7B-8609-7AC2C5247043}.Ad-Hoc|Any CPU.Deploy.0 = Release|x86
		{30FFF06A-0B3E-4A7B-8609-7AC2C5247043}.Ad-Hoc|ARM.ActiveCfg = Release|ARM
		{30FFF06A-0B3E-4A7B-8609-7AC2C5247043}.Ad-Hoc|ARM.Build.0 = Release|ARM
		{30FFF06A-0B3E-4A7B-8609-7AC2C5247043}.Ad-Hoc|ARM.Deploy.0 = Release|ARM
		{30FFF06A-0B3E-4A7B-8609-7AC2C5247043}.Ad-Hoc|iPhone.ActiveCfg = Release|x86
		{30FFF06A-0B3E-4A7B-8609-7AC2C5247043}.Ad-Hoc|iPhone.Build.0 = Release|x86
		{30FFF06A-0B3E-4A7B-8609-7AC2C5247043}.Ad-Hoc|iPhone.Deploy.0 = Release|x86
		{30FFF06A-0B3E-4A7B-8609-7AC2C5247043}.Ad-Hoc|iPhoneSimulator.ActiveCfg = Release|x86
		{30FFF06A-0B3E-4A7B-8609-7AC2C5247043}.Ad-Hoc|iPhoneSimulator.Build.0 = Release|x86
		{30FFF06A-0B3E-4A7B-8609-7AC2C5247043}.Ad-Hoc|iPhoneSimulator.Deploy.0 = Release|x86
		{30FFF06A-0B3E-4A7B-8609-7AC2C5247043}.Ad-Hoc|x64.ActiveCfg = Release|x64
		{30FFF06A-0B3E-4A7B-8609-7AC2C5247043}.Ad-Hoc|x64.Build.0 = Release|x64
		{30FFF06A-0B3E-4A7B-8609-7AC2C5247043}.Ad-Hoc|x64.Deploy.0 = Release|x64
		{30FFF06A-0B3E-4A7B-8609-7AC2C5247043}.Ad-Hoc|x86.ActiveCfg = Release|x86
		{30FFF06A-0B3E-4A7B-8609-7AC2C5247043}.Ad-Hoc|x86.Build.0 = Release|x86
		{30FFF06A-0B3E-4A7B-8609-7AC2C5247043}.Ad-Hoc|x86.Deploy.0 = Release|x86
		{30FFF06A-0B3E-4A7B-8609-7AC2C5247043}.AppStore|Any CPU.ActiveCfg = Release|x86
		{30FFF06A-0B3E-4A7B-8609-7AC2C5247043}.AppStore|Any CPU.Build.0 = Release|x86
		{30FFF06A-0B3E-4A7B-8609-7AC2C5247043}.AppStore|Any CPU.Deploy.0 = Release|x86
		{30FFF06A-0B3E-4A7B-8609-7AC2C5247043}.AppStore|ARM.ActiveCfg = Release|ARM
		{30FFF06A-0B3E-4A7B-8609-7AC2C5247043}.AppStore|ARM.Build.0 = Release|ARM
		{30FFF06A-0B3E-4A7B-8609-7AC2C5247043}.AppStore|ARM.Deploy.0 = Release|ARM
		{30FFF06A-0B3E-4A7B-8609-7AC2C5247043}.AppStore|iPhone.ActiveCfg = Release|x86
		{30FFF06A-0B3E-4A7B-8609-7AC2C5247043}.AppStore|iPhone.Build.0 = Release|x86
		{30FFF06A-0B3E-4A7B-8609-7AC2C5247043}.AppStore|iPhone.Deploy.0 = Release|x86
		{30FFF06A-0B3E-4A7B-8609-7AC2C5247043}.AppStore|iPhoneSimulator.ActiveCfg = Release|x86
		{30FFF06A-0B3E-4A7B-8609-7AC2C5247043}.AppStore|iPhoneSimulator.Build.0 = Release|x86
		{30FFF06A-0B3E-4A7B-8609-7AC2C5247043}.AppStore|iPhoneSimulator.Deploy.0 = Release|x86
		{30FFF06A-0B3E-4A7B-8609-7AC2C5247043}.AppStore|x64.ActiveCfg = Release|x64
		{30FFF06A-0B3E-4A7B-8609-7AC2C5247043}.AppStore|x64.Build.0 = Release|x64
		{30FFF06A-0B3E-4A7B-8609-7AC2C5247043}.AppStore|x64.Deploy.0 = Release|x64
		{30FFF06A-0B3E-4A7B-8609-7AC2C5247043}.AppStore|x86.ActiveCfg = Release|x86
		{30FFF06A-0B3E-4A7B-8609-7AC2C5247043}.AppStore|x86.Build.0 = Release|x86
		{30FFF06A-0B3E-4A7B-8609-7AC2C5247043}.AppStore|x86.Deploy.0 = Release|x86
		{30FFF06A-0B3E-4A7B-8609-7AC2C5247043}.Debug|Any CPU.ActiveCfg = Debug|x86
		{30FFF06A-0B3E-4A7B-8609-7AC2C5247043}.Debug|ARM.ActiveCfg = Debug|ARM
		{30FFF06A-0B3E-4A7B-8609-7AC2C5247043}.Debug|ARM.Build.0 = Debug|ARM
		{30FFF06A-0B3E-4A7B-8609-7AC2C5247043}.Debug|ARM.Deploy.0 = Debug|ARM
		{30FFF06A-0B3E-4A7B-8609-7AC2C5247043}.Debug|iPhone.ActiveCfg = Debug|x86
		{30FFF06A-0B3E-4A7B-8609-7AC2C5247043}.Debug|iPhoneSimulator.ActiveCfg = Debug|x86
		{30FFF06A-0B3E-4A7B-8609-7AC2C5247043}.Debug|x64.ActiveCfg = Debug|x64
		{30FFF06A-0B3E-4A7B-8609-7AC2C5247043}.Debug|x64.Build.0 = Debug|x64
		{30FFF06A-0B3E-4A7B-8609-7AC2C5247043}.Debug|x64.Deploy.0 = Debug|x64
		{30FFF06A-0B3E-4A7B-8609-7AC2C5247043}.Debug|x86.ActiveCfg = Debug|x86
		{30FFF06A-0B3E-4A7B-8609-7AC2C5247043}.Debug|x86.Build.0 = Debug|x86
		{30FFF06A-0B3E-4A7B-8609-7AC2C5247043}.Debug|x86.Deploy.0 = Debug|x86
		{30FFF06A-0B3E-4A7B-8609-7AC2C5247043}.Release|Any CPU.ActiveCfg = Release|x86
		{30FFF06A-0B3E-4A7B-8609-7AC2C5247043}.Release|ARM.ActiveCfg = Release|ARM
		{30FFF06A-0B3E-4A7B-8609-7AC2C5247043}.Release|ARM.Build.0 = Release|ARM
		{30FFF06A-0B3E-4A7B-8609-7AC2C5247043}.Release|ARM.Deploy.0 = Release|ARM
		{30FFF06A-0B3E-4A7B-8609-7AC2C5247043}.Release|iPhone.ActiveCfg = Release|x86
		{30FFF06A-0B3E-4A7B-8609-7AC2C5247043}.Release|iPhoneSimulator.ActiveCfg = Release|x86
		{30FFF06A-0B3E-4A7B-8609-7AC2C5247043}.Release|x64.ActiveCfg = Release|x64
		{30FFF06A-0B3E-4A7B-8609-7AC2C5247043}.Release|x64.Build.0 = Release|x64
		{30FFF06A-0B3E-4A7B-8609-7AC2C5247043}.Release|x64.Deploy.0 = Release|x64
		{30FFF06A-0B3E-4A7B-8609-7AC2C5247043}.Release|x86.ActiveCfg = Release|x86
		{30FFF06A-0B3E-4A7B-8609-7AC2C5247043}.Release|x86.Build.0 = Release|x86
		{30FFF06A-0B3E-4A7B-8609-7AC2C5247043}.Release|x86.Deploy.0 = Release|x86
		{654E7C76-3647-4E27-B8A1-523A34DA2698}.Ad-Hoc|Any CPU.ActiveCfg = Release|Any CPU
		{654E7C76-3647-4E27-B8A1-523A34DA2698}.Ad-Hoc|Any CPU.Build.0 = Release|Any CPU
		{654E7C76-3647-4E27-B8A1-523A34DA2698}.Ad-Hoc|ARM.ActiveCfg = Release|Any CPU
		{654E7C76-3647-4E27-B8A1-523A34DA2698}.Ad-Hoc|ARM.Build.0 = Release|Any CPU
		{654E7C76-3647-4E27-B8A1-523A34DA2698}.Ad-Hoc|iPhone.ActiveCfg = Release|Any CPU
		{654E7C76-3647-4E27-B8A1-523A34DA2698}.Ad-Hoc|iPhone.Build.0 = Release|Any CPU
		{654E7C76-3647-4E27-B8A1-523A34DA2698}.Ad-Hoc|iPhoneSimulator.ActiveCfg = Release|Any CPU
		{654E7C76-3647-4E27-B8A1-523A34DA2698}.Ad-Hoc|iPhoneSimulator.Build.0 = Release|Any CPU
		{654E7C76-3647-4E27-B8A1-523A34DA2698}.Ad-Hoc|x64.ActiveCfg = Release|Any CPU
		{654E7C76-3647-4E27-B8A1-523A34DA2698}.Ad-Hoc|x64.Build.0 = Release|Any CPU
		{654E7C76-3647-4E27-B8A1-523A34DA2698}.Ad-Hoc|x86.ActiveCfg = Release|Any CPU
		{654E7C76-3647-4E27-B8A1-523A34DA2698}.Ad-Hoc|x86.Build.0 = Release|Any CPU
		{654E7C76-3647-4E27-B8A1-523A34DA2698}.AppStore|Any CPU.ActiveCfg = Release|Any CPU
		{654E7C76-3647-4E27-B8A1-523A34DA2698}.AppStore|Any CPU.Build.0 = Release|Any CPU
		{654E7C76-3647-4E27-B8A1-523A34DA2698}.AppStore|ARM.ActiveCfg = Release|Any CPU
		{654E7C76-3647-4E27-B8A1-523A34DA2698}.AppStore|ARM.Build.0 = Release|Any CPU
		{654E7C76-3647-4E27-B8A1-523A34DA2698}.AppStore|iPhone.ActiveCfg = Release|Any CPU
		{654E7C76-3647-4E27-B8A1-523A34DA2698}.AppStore|iPhone.Build.0 = Release|Any CPU
		{654E7C76-3647-4E27-B8A1-523A34DA2698}.AppStore|iPhoneSimulator.ActiveCfg = Release|Any CPU
		{654E7C76-3647-4E27-B8A1-523A34DA2698}.AppStore|iPhoneSimulator.Build.0 = Release|Any CPU
		{654E7C76-3647-4E27-B8A1-523A34DA2698}.AppStore|x64.ActiveCfg = Release|Any CPU
		{654E7C76-3647-4E27-B8A1-523A34DA2698}.AppStore|x64.Build.0 = Release|Any CPU
		{654E7C76-3647-4E27-B8A1-523A34DA2698}.AppStore|x86.ActiveCfg = Release|Any CPU
		{654E7C76-3647-4E27-B8A1-523A34DA2698}.AppStore|x86.Build.0 = Release|Any CPU
		{654E7C76-3647-4E27-B8A1-523A34DA2698}.Debug|Any CPU.ActiveCfg = Debug|Any CPU
		{654E7C76-3647-4E27-B8A1-523A34DA2698}.Debug|Any CPU.Build.0 = Debug|Any CPU
		{654E7C76-3647-4E27-B8A1-523A34DA2698}.Debug|ARM.ActiveCfg = Debug|Any CPU
		{654E7C76-3647-4E27-B8A1-523A34DA2698}.Debug|ARM.Build.0 = Debug|Any CPU
		{654E7C76-3647-4E27-B8A1-523A34DA2698}.Debug|iPhone.ActiveCfg = Debug|Any CPU
		{654E7C76-3647-4E27-B8A1-523A34DA2698}.Debug|iPhone.Build.0 = Debug|Any CPU
		{654E7C76-3647-4E27-B8A1-523A34DA2698}.Debug|iPhoneSimulator.ActiveCfg = Debug|Any CPU
		{654E7C76-3647-4E27-B8A1-523A34DA2698}.Debug|iPhoneSimulator.Build.0 = Debug|Any CPU
		{654E7C76-3647-4E27-B8A1-523A34DA2698}.Debug|x64.ActiveCfg = Debug|Any CPU
		{654E7C76-3647-4E27-B8A1-523A34DA2698}.Debug|x64.Build.0 = Debug|Any CPU
		{654E7C76-3647-4E27-B8A1-523A34DA2698}.Debug|x86.ActiveCfg = Debug|Any CPU
		{654E7C76-3647-4E27-B8A1-523A34DA2698}.Debug|x86.Build.0 = Debug|Any CPU
		{654E7C76-3647-4E27-B8A1-523A34DA2698}.Release|Any CPU.ActiveCfg = Release|Any CPU
		{654E7C76-3647-4E27-B8A1-523A34DA2698}.Release|Any CPU.Build.0 = Release|Any CPU
		{654E7C76-3647-4E27-B8A1-523A34DA2698}.Release|ARM.ActiveCfg = Release|Any CPU
		{654E7C76-3647-4E27-B8A1-523A34DA2698}.Release|ARM.Build.0 = Release|Any CPU
		{654E7C76-3647-4E27-B8A1-523A34DA2698}.Release|iPhone.ActiveCfg = Release|Any CPU
		{654E7C76-3647-4E27-B8A1-523A34DA2698}.Release|iPhone.Build.0 = Release|Any CPU
		{654E7C76-3647-4E27-B8A1-523A34DA2698}.Release|iPhoneSimulator.ActiveCfg = Release|Any CPU
		{654E7C76-3647-4E27-B8A1-523A34DA2698}.Release|iPhoneSimulator.Build.0 = Release|Any CPU
		{654E7C76-3647-4E27-B8A1-523A34DA2698}.Release|x64.ActiveCfg = Release|Any CPU
		{654E7C76-3647-4E27-B8A1-523A34DA2698}.Release|x64.Build.0 = Release|Any CPU
		{654E7C76-3647-4E27-B8A1-523A34DA2698}.Release|x86.ActiveCfg = Release|Any CPU
		{654E7C76-3647-4E27-B8A1-523A34DA2698}.Release|x86.Build.0 = Release|Any CPU
		{929E49D6-6C33-43DC-9851-B57F659F7E35}.Ad-Hoc|Any CPU.ActiveCfg = Release|Any CPU
		{929E49D6-6C33-43DC-9851-B57F659F7E35}.Ad-Hoc|Any CPU.Build.0 = Release|Any CPU
		{929E49D6-6C33-43DC-9851-B57F659F7E35}.Ad-Hoc|ARM.ActiveCfg = Release|Any CPU
		{929E49D6-6C33-43DC-9851-B57F659F7E35}.Ad-Hoc|ARM.Build.0 = Release|Any CPU
		{929E49D6-6C33-43DC-9851-B57F659F7E35}.Ad-Hoc|iPhone.ActiveCfg = Release|Any CPU
		{929E49D6-6C33-43DC-9851-B57F659F7E35}.Ad-Hoc|iPhone.Build.0 = Release|Any CPU
		{929E49D6-6C33-43DC-9851-B57F659F7E35}.Ad-Hoc|iPhoneSimulator.ActiveCfg = Release|Any CPU
		{929E49D6-6C33-43DC-9851-B57F659F7E35}.Ad-Hoc|iPhoneSimulator.Build.0 = Release|Any CPU
		{929E49D6-6C33-43DC-9851-B57F659F7E35}.Ad-Hoc|x64.ActiveCfg = Release|Any CPU
		{929E49D6-6C33-43DC-9851-B57F659F7E35}.Ad-Hoc|x64.Build.0 = Release|Any CPU
		{929E49D6-6C33-43DC-9851-B57F659F7E35}.Ad-Hoc|x86.ActiveCfg = Release|Any CPU
		{929E49D6-6C33-43DC-9851-B57F659F7E35}.Ad-Hoc|x86.Build.0 = Release|Any CPU
		{929E49D6-6C33-43DC-9851-B57F659F7E35}.AppStore|Any CPU.ActiveCfg = Release|Any CPU
		{929E49D6-6C33-43DC-9851-B57F659F7E35}.AppStore|Any CPU.Build.0 = Release|Any CPU
		{929E49D6-6C33-43DC-9851-B57F659F7E35}.AppStore|ARM.ActiveCfg = Release|Any CPU
		{929E49D6-6C33-43DC-9851-B57F659F7E35}.AppStore|ARM.Build.0 = Release|Any CPU
		{929E49D6-6C33-43DC-9851-B57F659F7E35}.AppStore|iPhone.ActiveCfg = Release|Any CPU
		{929E49D6-6C33-43DC-9851-B57F659F7E35}.AppStore|iPhone.Build.0 = Release|Any CPU
		{929E49D6-6C33-43DC-9851-B57F659F7E35}.AppStore|iPhoneSimulator.ActiveCfg = Release|Any CPU
		{929E49D6-6C33-43DC-9851-B57F659F7E35}.AppStore|iPhoneSimulator.Build.0 = Release|Any CPU
		{929E49D6-6C33-43DC-9851-B57F659F7E35}.AppStore|x64.ActiveCfg = Release|Any CPU
		{929E49D6-6C33-43DC-9851-B57F659F7E35}.AppStore|x64.Build.0 = Release|Any CPU
		{929E49D6-6C33-43DC-9851-B57F659F7E35}.AppStore|x86.ActiveCfg = Release|Any CPU
		{929E49D6-6C33-43DC-9851-B57F659F7E35}.AppStore|x86.Build.0 = Release|Any CPU
		{929E49D6-6C33-43DC-9851-B57F659F7E35}.Debug|Any CPU.ActiveCfg = Debug|Any CPU
		{929E49D6-6C33-43DC-9851-B57F659F7E35}.Debug|Any CPU.Build.0 = Debug|Any CPU
		{929E49D6-6C33-43DC-9851-B57F659F7E35}.Debug|ARM.ActiveCfg = Debug|Any CPU
		{929E49D6-6C33-43DC-9851-B57F659F7E35}.Debug|ARM.Build.0 = Debug|Any CPU
		{929E49D6-6C33-43DC-9851-B57F659F7E35}.Debug|iPhone.ActiveCfg = Debug|Any CPU
		{929E49D6-6C33-43DC-9851-B57F659F7E35}.Debug|iPhone.Build.0 = Debug|Any CPU
		{929E49D6-6C33-43DC-9851-B57F659F7E35}.Debug|iPhoneSimulator.ActiveCfg = Debug|Any CPU
		{929E49D6-6C33-43DC-9851-B57F659F7E35}.Debug|iPhoneSimulator.Build.0 = Debug|Any CPU
		{929E49D6-6C33-43DC-9851-B57F659F7E35}.Debug|x64.ActiveCfg = Debug|Any CPU
		{929E49D6-6C33-43DC-9851-B57F659F7E35}.Debug|x64.Build.0 = Debug|Any CPU
		{929E49D6-6C33-43DC-9851-B57F659F7E35}.Debug|x86.ActiveCfg = Debug|Any CPU
		{929E49D6-6C33-43DC-9851-B57F659F7E35}.Debug|x86.Build.0 = Debug|Any CPU
		{929E49D6-6C33-43DC-9851-B57F659F7E35}.Release|Any CPU.ActiveCfg = Release|Any CPU
		{929E49D6-6C33-43DC-9851-B57F659F7E35}.Release|Any CPU.Build.0 = Release|Any CPU
		{929E49D6-6C33-43DC-9851-B57F659F7E35}.Release|ARM.ActiveCfg = Release|Any CPU
		{929E49D6-6C33-43DC-9851-B57F659F7E35}.Release|ARM.Build.0 = Release|Any CPU
		{929E49D6-6C33-43DC-9851-B57F659F7E35}.Release|iPhone.ActiveCfg = Release|Any CPU
		{929E49D6-6C33-43DC-9851-B57F659F7E35}.Release|iPhone.Build.0 = Release|Any CPU
		{929E49D6-6C33-43DC-9851-B57F659F7E35}.Release|iPhoneSimulator.ActiveCfg = Release|Any CPU
		{929E49D6-6C33-43DC-9851-B57F659F7E35}.Release|iPhoneSimulator.Build.0 = Release|Any CPU
		{929E49D6-6C33-43DC-9851-B57F659F7E35}.Release|x64.ActiveCfg = Release|Any CPU
		{929E49D6-6C33-43DC-9851-B57F659F7E35}.Release|x64.Build.0 = Release|Any CPU
		{929E49D6-6C33-43DC-9851-B57F659F7E35}.Release|x86.ActiveCfg = Release|Any CPU
		{929E49D6-6C33-43DC-9851-B57F659F7E35}.Release|x86.Build.0 = Release|Any CPU
		{5076338D-CE32-47F6-AC9B-3EBCB69DC882}.Ad-Hoc|Any CPU.ActiveCfg = Release|Any CPU
		{5076338D-CE32-47F6-AC9B-3EBCB69DC882}.Ad-Hoc|Any CPU.Build.0 = Release|Any CPU
		{5076338D-CE32-47F6-AC9B-3EBCB69DC882}.Ad-Hoc|ARM.ActiveCfg = Release|Any CPU
		{5076338D-CE32-47F6-AC9B-3EBCB69DC882}.Ad-Hoc|ARM.Build.0 = Release|Any CPU
		{5076338D-CE32-47F6-AC9B-3EBCB69DC882}.Ad-Hoc|iPhone.ActiveCfg = Release|Any CPU
		{5076338D-CE32-47F6-AC9B-3EBCB69DC882}.Ad-Hoc|iPhone.Build.0 = Release|Any CPU
		{5076338D-CE32-47F6-AC9B-3EBCB69DC882}.Ad-Hoc|iPhoneSimulator.ActiveCfg = Release|Any CPU
		{5076338D-CE32-47F6-AC9B-3EBCB69DC882}.Ad-Hoc|iPhoneSimulator.Build.0 = Release|Any CPU
		{5076338D-CE32-47F6-AC9B-3EBCB69DC882}.Ad-Hoc|x64.ActiveCfg = Release|Any CPU
		{5076338D-CE32-47F6-AC9B-3EBCB69DC882}.Ad-Hoc|x64.Build.0 = Release|Any CPU
		{5076338D-CE32-47F6-AC9B-3EBCB69DC882}.Ad-Hoc|x86.ActiveCfg = Release|Any CPU
		{5076338D-CE32-47F6-AC9B-3EBCB69DC882}.Ad-Hoc|x86.Build.0 = Release|Any CPU
		{5076338D-CE32-47F6-AC9B-3EBCB69DC882}.AppStore|Any CPU.ActiveCfg = Release|Any CPU
		{5076338D-CE32-47F6-AC9B-3EBCB69DC882}.AppStore|Any CPU.Build.0 = Release|Any CPU
		{5076338D-CE32-47F6-AC9B-3EBCB69DC882}.AppStore|ARM.ActiveCfg = Release|Any CPU
		{5076338D-CE32-47F6-AC9B-3EBCB69DC882}.AppStore|ARM.Build.0 = Release|Any CPU
		{5076338D-CE32-47F6-AC9B-3EBCB69DC882}.AppStore|iPhone.ActiveCfg = Release|Any CPU
		{5076338D-CE32-47F6-AC9B-3EBCB69DC882}.AppStore|iPhone.Build.0 = Release|Any CPU
		{5076338D-CE32-47F6-AC9B-3EBCB69DC882}.AppStore|iPhoneSimulator.ActiveCfg = Release|Any CPU
		{5076338D-CE32-47F6-AC9B-3EBCB69DC882}.AppStore|iPhoneSimulator.Build.0 = Release|Any CPU
		{5076338D-CE32-47F6-AC9B-3EBCB69DC882}.AppStore|x64.ActiveCfg = Release|Any CPU
		{5076338D-CE32-47F6-AC9B-3EBCB69DC882}.AppStore|x64.Build.0 = Release|Any CPU
		{5076338D-CE32-47F6-AC9B-3EBCB69DC882}.AppStore|x86.ActiveCfg = Release|Any CPU
		{5076338D-CE32-47F6-AC9B-3EBCB69DC882}.AppStore|x86.Build.0 = Release|Any CPU
		{5076338D-CE32-47F6-AC9B-3EBCB69DC882}.Debug|Any CPU.ActiveCfg = Debug|Any CPU
		{5076338D-CE32-47F6-AC9B-3EBCB69DC882}.Debug|Any CPU.Build.0 = Debug|Any CPU
		{5076338D-CE32-47F6-AC9B-3EBCB69DC882}.Debug|Any CPU.Deploy.0 = Debug|Any CPU
		{5076338D-CE32-47F6-AC9B-3EBCB69DC882}.Debug|ARM.ActiveCfg = Debug|Any CPU
		{5076338D-CE32-47F6-AC9B-3EBCB69DC882}.Debug|ARM.Build.0 = Debug|Any CPU
		{5076338D-CE32-47F6-AC9B-3EBCB69DC882}.Debug|iPhone.ActiveCfg = Debug|Any CPU
		{5076338D-CE32-47F6-AC9B-3EBCB69DC882}.Debug|iPhone.Build.0 = Debug|Any CPU
		{5076338D-CE32-47F6-AC9B-3EBCB69DC882}.Debug|iPhoneSimulator.ActiveCfg = Debug|Any CPU
		{5076338D-CE32-47F6-AC9B-3EBCB69DC882}.Debug|iPhoneSimulator.Build.0 = Debug|Any CPU
		{5076338D-CE32-47F6-AC9B-3EBCB69DC882}.Debug|x64.ActiveCfg = Debug|Any CPU
		{5076338D-CE32-47F6-AC9B-3EBCB69DC882}.Debug|x64.Build.0 = Debug|Any CPU
		{5076338D-CE32-47F6-AC9B-3EBCB69DC882}.Debug|x86.ActiveCfg = Debug|Any CPU
		{5076338D-CE32-47F6-AC9B-3EBCB69DC882}.Debug|x86.Build.0 = Debug|Any CPU
		{5076338D-CE32-47F6-AC9B-3EBCB69DC882}.Release|Any CPU.ActiveCfg = Release|Any CPU
		{5076338D-CE32-47F6-AC9B-3EBCB69DC882}.Release|Any CPU.Build.0 = Release|Any CPU
		{5076338D-CE32-47F6-AC9B-3EBCB69DC882}.Release|Any CPU.Deploy.0 = Release|Any CPU
		{5076338D-CE32-47F6-AC9B-3EBCB69DC882}.Release|ARM.ActiveCfg = Release|Any CPU
		{5076338D-CE32-47F6-AC9B-3EBCB69DC882}.Release|ARM.Build.0 = Release|Any CPU
		{5076338D-CE32-47F6-AC9B-3EBCB69DC882}.Release|iPhone.ActiveCfg = Release|Any CPU
		{5076338D-CE32-47F6-AC9B-3EBCB69DC882}.Release|iPhone.Build.0 = Release|Any CPU
		{5076338D-CE32-47F6-AC9B-3EBCB69DC882}.Release|iPhoneSimulator.ActiveCfg = Release|Any CPU
		{5076338D-CE32-47F6-AC9B-3EBCB69DC882}.Release|iPhoneSimulator.Build.0 = Release|Any CPU
		{5076338D-CE32-47F6-AC9B-3EBCB69DC882}.Release|x64.ActiveCfg = Release|Any CPU
		{5076338D-CE32-47F6-AC9B-3EBCB69DC882}.Release|x64.Build.0 = Release|Any CPU
		{5076338D-CE32-47F6-AC9B-3EBCB69DC882}.Release|x86.ActiveCfg = Release|Any CPU
		{5076338D-CE32-47F6-AC9B-3EBCB69DC882}.Release|x86.Build.0 = Release|Any CPU
		{EE9379A6-F739-460B-B690-404127AAEE17}.Ad-Hoc|Any CPU.ActiveCfg = Release|Any CPU
		{EE9379A6-F739-460B-B690-404127AAEE17}.Ad-Hoc|Any CPU.Build.0 = Release|Any CPU
		{EE9379A6-F739-460B-B690-404127AAEE17}.Ad-Hoc|ARM.ActiveCfg = Release|Any CPU
		{EE9379A6-F739-460B-B690-404127AAEE17}.Ad-Hoc|ARM.Build.0 = Release|Any CPU
		{EE9379A6-F739-460B-B690-404127AAEE17}.Ad-Hoc|iPhone.ActiveCfg = Release|Any CPU
		{EE9379A6-F739-460B-B690-404127AAEE17}.Ad-Hoc|iPhone.Build.0 = Release|Any CPU
		{EE9379A6-F739-460B-B690-404127AAEE17}.Ad-Hoc|iPhoneSimulator.ActiveCfg = Release|Any CPU
		{EE9379A6-F739-460B-B690-404127AAEE17}.Ad-Hoc|iPhoneSimulator.Build.0 = Release|Any CPU
		{EE9379A6-F739-460B-B690-404127AAEE17}.Ad-Hoc|x64.ActiveCfg = Release|Any CPU
		{EE9379A6-F739-460B-B690-404127AAEE17}.Ad-Hoc|x64.Build.0 = Release|Any CPU
		{EE9379A6-F739-460B-B690-404127AAEE17}.Ad-Hoc|x86.ActiveCfg = Release|Any CPU
		{EE9379A6-F739-460B-B690-404127AAEE17}.Ad-Hoc|x86.Build.0 = Release|Any CPU
		{EE9379A6-F739-460B-B690-404127AAEE17}.AppStore|Any CPU.ActiveCfg = Release|Any CPU
		{EE9379A6-F739-460B-B690-404127AAEE17}.AppStore|Any CPU.Build.0 = Release|Any CPU
		{EE9379A6-F739-460B-B690-404127AAEE17}.AppStore|ARM.ActiveCfg = Release|Any CPU
		{EE9379A6-F739-460B-B690-404127AAEE17}.AppStore|ARM.Build.0 = Release|Any CPU
		{EE9379A6-F739-460B-B690-404127AAEE17}.AppStore|iPhone.ActiveCfg = Release|Any CPU
		{EE9379A6-F739-460B-B690-404127AAEE17}.AppStore|iPhone.Build.0 = Release|Any CPU
		{EE9379A6-F739-460B-B690-404127AAEE17}.AppStore|iPhoneSimulator.ActiveCfg = Release|Any CPU
		{EE9379A6-F739-460B-B690-404127AAEE17}.AppStore|iPhoneSimulator.Build.0 = Release|Any CPU
		{EE9379A6-F739-460B-B690-404127AAEE17}.AppStore|x64.ActiveCfg = Release|Any CPU
		{EE9379A6-F739-460B-B690-404127AAEE17}.AppStore|x64.Build.0 = Release|Any CPU
		{EE9379A6-F739-460B-B690-404127AAEE17}.AppStore|x86.ActiveCfg = Release|Any CPU
		{EE9379A6-F739-460B-B690-404127AAEE17}.AppStore|x86.Build.0 = Release|Any CPU
		{EE9379A6-F739-460B-B690-404127AAEE17}.Debug|Any CPU.ActiveCfg = Debug|Any CPU
		{EE9379A6-F739-460B-B690-404127AAEE17}.Debug|Any CPU.Build.0 = Debug|Any CPU
		{EE9379A6-F739-460B-B690-404127AAEE17}.Debug|ARM.ActiveCfg = Debug|Any CPU
		{EE9379A6-F739-460B-B690-404127AAEE17}.Debug|ARM.Build.0 = Debug|Any CPU
		{EE9379A6-F739-460B-B690-404127AAEE17}.Debug|iPhone.ActiveCfg = Debug|Any CPU
		{EE9379A6-F739-460B-B690-404127AAEE17}.Debug|iPhone.Build.0 = Debug|Any CPU
		{EE9379A6-F739-460B-B690-404127AAEE17}.Debug|iPhoneSimulator.ActiveCfg = Debug|Any CPU
		{EE9379A6-F739-460B-B690-404127AAEE17}.Debug|iPhoneSimulator.Build.0 = Debug|Any CPU
		{EE9379A6-F739-460B-B690-404127AAEE17}.Debug|x64.ActiveCfg = Debug|Any CPU
		{EE9379A6-F739-460B-B690-404127AAEE17}.Debug|x64.Build.0 = Debug|Any CPU
		{EE9379A6-F739-460B-B690-404127AAEE17}.Debug|x86.ActiveCfg = Debug|Any CPU
		{EE9379A6-F739-460B-B690-404127AAEE17}.Debug|x86.Build.0 = Debug|Any CPU
		{EE9379A6-F739-460B-B690-404127AAEE17}.Release|Any CPU.ActiveCfg = Release|Any CPU
		{EE9379A6-F739-460B-B690-404127AAEE17}.Release|Any CPU.Build.0 = Release|Any CPU
		{EE9379A6-F739-460B-B690-404127AAEE17}.Release|ARM.ActiveCfg = Release|Any CPU
		{EE9379A6-F739-460B-B690-404127AAEE17}.Release|ARM.Build.0 = Release|Any CPU
		{EE9379A6-F739-460B-B690-404127AAEE17}.Release|iPhone.ActiveCfg = Release|Any CPU
		{EE9379A6-F739-460B-B690-404127AAEE17}.Release|iPhone.Build.0 = Release|Any CPU
		{EE9379A6-F739-460B-B690-404127AAEE17}.Release|iPhoneSimulator.ActiveCfg = Release|Any CPU
		{EE9379A6-F739-460B-B690-404127AAEE17}.Release|iPhoneSimulator.Build.0 = Release|Any CPU
		{EE9379A6-F739-460B-B690-404127AAEE17}.Release|x64.ActiveCfg = Release|Any CPU
		{EE9379A6-F739-460B-B690-404127AAEE17}.Release|x64.Build.0 = Release|Any CPU
		{EE9379A6-F739-460B-B690-404127AAEE17}.Release|x86.ActiveCfg = Release|Any CPU
		{EE9379A6-F739-460B-B690-404127AAEE17}.Release|x86.Build.0 = Release|Any CPU
		{2A44B6AB-88D9-4234-B32B-BCF07DF89892}.Ad-Hoc|Any CPU.ActiveCfg = Release|x64
		{2A44B6AB-88D9-4234-B32B-BCF07DF89892}.Ad-Hoc|Any CPU.Build.0 = Release|x64
		{2A44B6AB-88D9-4234-B32B-BCF07DF89892}.Ad-Hoc|Any CPU.Deploy.0 = Release|x64
		{2A44B6AB-88D9-4234-B32B-BCF07DF89892}.Ad-Hoc|ARM.ActiveCfg = Release|ARM
		{2A44B6AB-88D9-4234-B32B-BCF07DF89892}.Ad-Hoc|ARM.Build.0 = Release|ARM
		{2A44B6AB-88D9-4234-B32B-BCF07DF89892}.Ad-Hoc|ARM.Deploy.0 = Release|ARM
		{2A44B6AB-88D9-4234-B32B-BCF07DF89892}.Ad-Hoc|ARM64.ActiveCfg = Release|ARM64
		{2A44B6AB-88D9-4234-B32B-BCF07DF89892}.Ad-Hoc|ARM64.Build.0 = Release|ARM64
		{2A44B6AB-88D9-4234-B32B-BCF07DF89892}.Ad-Hoc|ARM64.Deploy.0 = Release|ARM64
		{2A44B6AB-88D9-4234-B32B-BCF07DF89892}.Ad-Hoc|iPhone.ActiveCfg = Release|x64
		{2A44B6AB-88D9-4234-B32B-BCF07DF89892}.Ad-Hoc|iPhone.Build.0 = Release|x64
		{2A44B6AB-88D9-4234-B32B-BCF07DF89892}.Ad-Hoc|iPhone.Deploy.0 = Release|x64
		{2A44B6AB-88D9-4234-B32B-BCF07DF89892}.Ad-Hoc|iPhoneSimulator.ActiveCfg = Release|x64
		{2A44B6AB-88D9-4234-B32B-BCF07DF89892}.Ad-Hoc|iPhoneSimulator.Build.0 = Release|x64
		{2A44B6AB-88D9-4234-B32B-BCF07DF89892}.Ad-Hoc|iPhoneSimulator.Deploy.0 = Release|x64
		{2A44B6AB-88D9-4234-B32B-BCF07DF89892}.Ad-Hoc|x64.ActiveCfg = Release|x64
		{2A44B6AB-88D9-4234-B32B-BCF07DF89892}.Ad-Hoc|x64.Build.0 = Release|x64
		{2A44B6AB-88D9-4234-B32B-BCF07DF89892}.Ad-Hoc|x64.Deploy.0 = Release|x64
		{2A44B6AB-88D9-4234-B32B-BCF07DF89892}.Ad-Hoc|x86.ActiveCfg = Release|x86
		{2A44B6AB-88D9-4234-B32B-BCF07DF89892}.Ad-Hoc|x86.Build.0 = Release|x86
		{2A44B6AB-88D9-4234-B32B-BCF07DF89892}.Ad-Hoc|x86.Deploy.0 = Release|x86
		{2A44B6AB-88D9-4234-B32B-BCF07DF89892}.AppStore|Any CPU.ActiveCfg = Release|x64
		{2A44B6AB-88D9-4234-B32B-BCF07DF89892}.AppStore|Any CPU.Build.0 = Release|x64
		{2A44B6AB-88D9-4234-B32B-BCF07DF89892}.AppStore|Any CPU.Deploy.0 = Release|x64
		{2A44B6AB-88D9-4234-B32B-BCF07DF89892}.AppStore|ARM.ActiveCfg = Release|ARM
		{2A44B6AB-88D9-4234-B32B-BCF07DF89892}.AppStore|ARM.Build.0 = Release|ARM
		{2A44B6AB-88D9-4234-B32B-BCF07DF89892}.AppStore|ARM.Deploy.0 = Release|ARM
		{2A44B6AB-88D9-4234-B32B-BCF07DF89892}.AppStore|ARM64.ActiveCfg = Release|ARM64
		{2A44B6AB-88D9-4234-B32B-BCF07DF89892}.AppStore|ARM64.Build.0 = Release|ARM64
		{2A44B6AB-88D9-4234-B32B-BCF07DF89892}.AppStore|ARM64.Deploy.0 = Release|ARM64
		{2A44B6AB-88D9-4234-B32B-BCF07DF89892}.AppStore|iPhone.ActiveCfg = Release|x64
		{2A44B6AB-88D9-4234-B32B-BCF07DF89892}.AppStore|iPhone.Build.0 = Release|x64
		{2A44B6AB-88D9-4234-B32B-BCF07DF89892}.AppStore|iPhone.Deploy.0 = Release|x64
		{2A44B6AB-88D9-4234-B32B-BCF07DF89892}.AppStore|iPhoneSimulator.ActiveCfg = Release|x64
		{2A44B6AB-88D9-4234-B32B-BCF07DF89892}.AppStore|iPhoneSimulator.Build.0 = Release|x64
		{2A44B6AB-88D9-4234-B32B-BCF07DF89892}.AppStore|iPhoneSimulator.Deploy.0 = Release|x64
		{2A44B6AB-88D9-4234-B32B-BCF07DF89892}.AppStore|x64.ActiveCfg = Release|x64
		{2A44B6AB-88D9-4234-B32B-BCF07DF89892}.AppStore|x64.Build.0 = Release|x64
		{2A44B6AB-88D9-4234-B32B-BCF07DF89892}.AppStore|x64.Deploy.0 = Release|x64
		{2A44B6AB-88D9-4234-B32B-BCF07DF89892}.AppStore|x86.ActiveCfg = Release|x86
		{2A44B6AB-88D9-4234-B32B-BCF07DF89892}.AppStore|x86.Build.0 = Release|x86
		{2A44B6AB-88D9-4234-B32B-BCF07DF89892}.AppStore|x86.Deploy.0 = Release|x86
		{2A44B6AB-88D9-4234-B32B-BCF07DF89892}.Debug|Any CPU.ActiveCfg = Debug|x86
		{2A44B6AB-88D9-4234-B32B-BCF07DF89892}.Debug|ARM.ActiveCfg = Debug|ARM
		{2A44B6AB-88D9-4234-B32B-BCF07DF89892}.Debug|ARM.Build.0 = Debug|ARM
		{2A44B6AB-88D9-4234-B32B-BCF07DF89892}.Debug|ARM.Deploy.0 = Debug|ARM
		{2A44B6AB-88D9-4234-B32B-BCF07DF89892}.Debug|ARM64.ActiveCfg = Debug|ARM64
		{2A44B6AB-88D9-4234-B32B-BCF07DF89892}.Debug|ARM64.Build.0 = Debug|ARM64
		{2A44B6AB-88D9-4234-B32B-BCF07DF89892}.Debug|ARM64.Deploy.0 = Debug|ARM64
		{2A44B6AB-88D9-4234-B32B-BCF07DF89892}.Debug|iPhone.ActiveCfg = Debug|x86
		{2A44B6AB-88D9-4234-B32B-BCF07DF89892}.Debug|iPhoneSimulator.ActiveCfg = Debug|x86
		{2A44B6AB-88D9-4234-B32B-BCF07DF89892}.Debug|x64.ActiveCfg = Debug|x64
		{2A44B6AB-88D9-4234-B32B-BCF07DF89892}.Debug|x64.Build.0 = Debug|x64
		{2A44B6AB-88D9-4234-B32B-BCF07DF89892}.Debug|x64.Deploy.0 = Debug|x64
		{2A44B6AB-88D9-4234-B32B-BCF07DF89892}.Debug|x86.ActiveCfg = Debug|x86
		{2A44B6AB-88D9-4234-B32B-BCF07DF89892}.Debug|x86.Build.0 = Debug|x86
		{2A44B6AB-88D9-4234-B32B-BCF07DF89892}.Debug|x86.Deploy.0 = Debug|x86
		{2A44B6AB-88D9-4234-B32B-BCF07DF89892}.Release|Any CPU.ActiveCfg = Release|x86
		{2A44B6AB-88D9-4234-B32B-BCF07DF89892}.Release|ARM.ActiveCfg = Release|ARM
		{2A44B6AB-88D9-4234-B32B-BCF07DF89892}.Release|ARM.Build.0 = Release|ARM
		{2A44B6AB-88D9-4234-B32B-BCF07DF89892}.Release|ARM.Deploy.0 = Release|ARM
		{2A44B6AB-88D9-4234-B32B-BCF07DF89892}.Release|ARM64.ActiveCfg = Release|ARM64
		{2A44B6AB-88D9-4234-B32B-BCF07DF89892}.Release|ARM64.Build.0 = Release|ARM64
		{2A44B6AB-88D9-4234-B32B-BCF07DF89892}.Release|ARM64.Deploy.0 = Release|ARM64
		{2A44B6AB-88D9-4234-B32B-BCF07DF89892}.Release|iPhone.ActiveCfg = Release|x86
		{2A44B6AB-88D9-4234-B32B-BCF07DF89892}.Release|iPhoneSimulator.ActiveCfg = Release|x86
		{2A44B6AB-88D9-4234-B32B-BCF07DF89892}.Release|x64.ActiveCfg = Release|x64
		{2A44B6AB-88D9-4234-B32B-BCF07DF89892}.Release|x64.Build.0 = Release|x64
		{2A44B6AB-88D9-4234-B32B-BCF07DF89892}.Release|x64.Deploy.0 = Release|x64
		{2A44B6AB-88D9-4234-B32B-BCF07DF89892}.Release|x86.ActiveCfg = Release|x86
		{2A44B6AB-88D9-4234-B32B-BCF07DF89892}.Release|x86.Build.0 = Release|x86
		{2A44B6AB-88D9-4234-B32B-BCF07DF89892}.Release|x86.Deploy.0 = Release|x86
	EndGlobalSection
	GlobalSection(SolutionProperties) = preSolution
		HideSolutionNode = FALSE
	EndGlobalSection
	GlobalSection(ExtensibilityGlobals) = postSolution
		SolutionGuid = {F6D05029-56B8-4E45-AF2D-0E76295DDBA2}
	EndGlobalSection
EndGlobal
